
Microsoft Visual Studio Solution File, Format Version 12.00
# Visual Studio Version 17
VisualStudioVersion = 17.4.33122.133
MinimumVisualStudioVersion = 10.0.40219.1
Project("{FAE04EC0-301F-11D3-BF4B-00C04F79EFBC}") = "StringExample", "ProcejtExample2\StringExample.csproj", "{50F54542-7532-4219-B98D-12BD47575716}"
EndProject
Project("{FAE04EC0-301F-11D3-BF4B-00C04F79EFBC}") = "StringExample2.1", "StringExample2.1\StringExample2.1.csproj", "{E5E63D09-12D4-4D48-892A-38709A8F3FE0}"
EndProject
Project("{FAE04EC0-301F-11D3-BF4B-00C04F79EFBC}") = "StringExample3", "StringExample3\StringExample3.csproj", "{4492FC9C-727C-4526-963A-07E6D711CF60}"
EndProject
Project("{FAE04EC0-301F-11D3-BF4B-00C04F79EFBC}") = "StringExample4", "StringExample4\StringExample4.csproj", "{273C6DA5-C567-4EEE-9812-A404946435C4}"
EndProject
Project("{FAE04EC0-301F-11D3-BF4B-00C04F79EFBC}") = "StringExample5", "StringExample5\StringExample5.csproj", "{EE6C21E3-E6A6-413F-BCC7-6B1FF4E4554D}"
EndProject
Project("{FAE04EC0-301F-11D3-BF4B-00C04F79EFBC}") = "IntExample", "IntExample\IntExample.csproj", "{3466C97A-8F20-469C-B71A-25DE05679F41}"
EndProject
Project("{FAE04EC0-301F-11D3-BF4B-00C04F79EFBC}") = "IntExample2", "IntExample2\IntExample2.csproj", "{BD4D6A98-F561-4164-9DC2-329E7F178E2B}"
EndProject
Project("{FAE04EC0-301F-11D3-BF4B-00C04F79EFBC}") = "IntExample3", "IntExample3\IntExample3.csproj", "{D23774A1-22DA-47D1-B828-85CC49A0D7B2}"
EndProject
Project("{FAE04EC0-301F-11D3-BF4B-00C04F79EFBC}") = "IntExample4", "IntExample4\IntExample4.csproj", "{DE9E1ACF-5BE5-4D46-B41A-690B54F0508E}"
EndProject
Project("{FAE04EC0-301F-11D3-BF4B-00C04F79EFBC}") = "IntExample5", "IntExample5\IntExample5.csproj", "{C5EE31A1-9988-4001-A9F3-C3833FFB81A4}"
EndProject
Project("{FAE04EC0-301F-11D3-BF4B-00C04F79EFBC}") = "IntExample6", "IntExample6\IntExample6.csproj", "{4D0D6A41-7A27-4BAC-B86D-2B30AA7F2AF1}"
EndProject
Project("{FAE04EC0-301F-11D3-BF4B-00C04F79EFBC}") = "DoubleExample", "DoubleExample\DoubleExample.csproj", "{A55F9D4F-ED71-428A-A60C-CFF584051998}"
EndProject
Project("{FAE04EC0-301F-11D3-BF4B-00C04F79EFBC}") = "IfElse", "IfElse\IfElse.csproj", "{5EB3FC54-5CC6-4BB0-8DD8-FD3EE89FE2D1}"
EndProject
Project("{FAE04EC0-301F-11D3-BF4B-00C04F79EFBC}") = "IfElse2", "IfElse2\IfElse2.csproj", "{40D0F035-1BEC-489C-8CBF-DE0120386185}"
EndProject
Project("{FAE04EC0-301F-11D3-BF4B-00C04F79EFBC}") = "IfElse3", "IfElse3\IfElse3.csproj", "{EBE81F2E-4754-45B9-913F-CAF57F9DEC02}"
EndProject
Project("{FAE04EC0-301F-11D3-BF4B-00C04F79EFBC}") = "IfElse4", "IfElse4\IfElse4.csproj", "{1280594B-96CF-4C38-8C2B-34910AD16019}"
EndProject
Project("{FAE04EC0-301F-11D3-BF4B-00C04F79EFBC}") = "IfElse5", "IfElse5\IfElse5.csproj", "{99AFF23F-A297-4F96-BAB3-9D311D6C068B}"
EndProject
Project("{FAE04EC0-301F-11D3-BF4B-00C04F79EFBC}") = "IfElse6", "IfElse6\IfElse6.csproj", "{B859B226-6BBF-46A9-BD65-9171D24F107D}"
EndProject
Project("{FAE04EC0-301F-11D3-BF4B-00C04F79EFBC}") = "IfElse7", "IfElse7\IfElse7.csproj", "{5269EB55-75E3-4411-835D-1702D9931EE2}"
EndProject
Project("{FAE04EC0-301F-11D3-BF4B-00C04F79EFBC}") = "IfElse8", "IfElse8\IfElse8.csproj", "{5FB6EE67-888F-4169-9B8D-D39994FC8851}"
EndProject
Project("{FAE04EC0-301F-11D3-BF4B-00C04F79EFBC}") = "SwitchCase", "SwitchCase\SwitchCase.csproj", "{DA792BB6-F7CC-4185-9747-AEADEEC4816A}"
EndProject
Project("{FAE04EC0-301F-11D3-BF4B-00C04F79EFBC}") = "SwitchCase2", "SwitchCase2\SwitchCase2.csproj", "{7278A770-3F6D-4554-9397-65C85CF18B81}"
EndProject
Project("{FAE04EC0-301F-11D3-BF4B-00C04F79EFBC}") = "SwitchCase3", "SwitchCase3\SwitchCase3.csproj", "{26BA04A2-A971-424C-AF48-984C666D7FF5}"
EndProject
Project("{FAE04EC0-301F-11D3-BF4B-00C04F79EFBC}") = "For", "For\For.csproj", "{48517CDF-95DE-4E93-9D55-0CD62A4A87FC}"
EndProject
Project("{FAE04EC0-301F-11D3-BF4B-00C04F79EFBC}") = "For2", "For2\For2.csproj", "{2BD90F6F-4CAD-42C7-8FFB-7618E93A35B3}"
EndProject
Project("{FAE04EC0-301F-11D3-BF4B-00C04F79EFBC}") = "While", "While\While.csproj", "{53BA8D7A-385D-4967-8EDF-6BCA496C052A}"
EndProject
Project("{FAE04EC0-301F-11D3-BF4B-00C04F79EFBC}") = "While2", "While2\While2.csproj", "{4271651C-96ED-4B53-9DD0-1E8599BDE0A2}"
EndProject
Project("{FAE04EC0-301F-11D3-BF4B-00C04F79EFBC}") = "Arrays", "Arrays\Arrays.csproj", "{0BAF02F3-C159-4285-BCB5-EDA9170DFD4E}"
EndProject
Project("{FAE04EC0-301F-11D3-BF4B-00C04F79EFBC}") = "Arrays2", "Arrays2\Arrays2.csproj", "{67122768-F79E-4877-823C-216F169C67CC}"
EndProject
Project("{FAE04EC0-301F-11D3-BF4B-00C04F79EFBC}") = "Arrays3", "Arrays3\Arrays3.csproj", "{8A45B1F4-AAE7-4F55-99B2-1074F167AB5C}"
EndProject
Project("{FAE04EC0-301F-11D3-BF4B-00C04F79EFBC}") = "Arrays4", "Arrays4\Arrays4.csproj", "{836361E1-BDAD-4E52-A5FA-8C2E4711B1F9}"
EndProject
Project("{FAE04EC0-301F-11D3-BF4B-00C04F79EFBC}") = "Arrays5", "Arrays5\Arrays5.csproj", "{F344DE7C-595F-4043-8E30-A6BB26B6003E}"
EndProject
Project("{FAE04EC0-301F-11D3-BF4B-00C04F79EFBC}") = "Random Method", "Random\Random Method.csproj", "{720BF3D8-A32C-4980-BC48-E3DFFE85B5DC}"
EndProject
Project("{FAE04EC0-301F-11D3-BF4B-00C04F79EFBC}") = "RandomMethod2", "RandomMethod2\RandomMethod2.csproj", "{B0692C5F-AF84-4068-A397-A7D463739433}"
EndProject
Project("{FAE04EC0-301F-11D3-BF4B-00C04F79EFBC}") = "Example", "Example\Example.csproj", "{900DE026-91DF-4787-8E21-A6D71D09C2D9}"
EndProject
Project("{FAE04EC0-301F-11D3-BF4B-00C04F79EFBC}") = "Function", "Function\Function.csproj", "{8C2B693E-7E19-4A3D-AF25-0B1ACC4F8CC8}"
EndProject
Project("{FAE04EC0-301F-11D3-BF4B-00C04F79EFBC}") = "Function2", "Function2\Function2.csproj", "{246E0CDE-429C-4152-BE5C-DC58B8AAD76D}"
EndProject
Project("{FAE04EC0-301F-11D3-BF4B-00C04F79EFBC}") = "Function3", "Function3\Function3.csproj", "{B2F18473-E21D-4DE2-87FE-222AF534E2B4}"
EndProject
Project("{FAE04EC0-301F-11D3-BF4B-00C04F79EFBC}") = "Function4", "Function4\Function4.csproj", "{511BDBEC-615D-43A0-AFC4-04BDFECF869A}"
EndProject
Project("{FAE04EC0-301F-11D3-BF4B-00C04F79EFBC}") = "Char", "Char\Char.csproj", "{DFB30D70-7147-4F10-88E8-BF3F733B0E67}"
EndProject
Project("{FAE04EC0-301F-11D3-BF4B-00C04F79EFBC}") = "Char2", "Char2\Char2.csproj", "{12323BD0-46D7-48BF-8CA7-418A44BBA4AE}"
EndProject
Project("{FAE04EC0-301F-11D3-BF4B-00C04F79EFBC}") = "Float", "Float\Float.csproj", "{44B07C18-D66C-4593-BB0D-F18508CCC531}"
EndProject
Project("{FAE04EC0-301F-11D3-BF4B-00C04F79EFBC}") = "Decimal", "Decimal\Decimal.csproj", "{0BC5FFE2-A738-4FBD-862C-ADC6CC77C425}"
EndProject
Project("{FAE04EC0-301F-11D3-BF4B-00C04F79EFBC}") = "Decimal2", "Decimal2\Decimal2.csproj", "{B5805C3E-43A0-4987-A7D7-2434ADAA11D8}"
EndProject
Project("{FAE04EC0-301F-11D3-BF4B-00C04F79EFBC}") = "Decimal3", "Decimal3\Decimal3.csproj", "{14EA00EF-DB23-4C49-BD5C-604FE7E35229}"
EndProject
Project("{FAE04EC0-301F-11D3-BF4B-00C04F79EFBC}") = "Byte_sbyte", "Byte\Byte_sbyte.csproj", "{DEA8C88A-BA45-4C42-9B74-AE6329A82A73}"
EndProject
Project("{FAE04EC0-301F-11D3-BF4B-00C04F79EFBC}") = "short_ushort", "short_ushort\short_ushort.csproj", "{1F08B9E0-7326-45F5-A3DC-6D5B4191DD08}"
EndProject
Project("{FAE04EC0-301F-11D3-BF4B-00C04F79EFBC}") = "Bool", "Bool\Bool.csproj", "{7FA8AEE0-8228-4404-A045-130DAF4DE665}"
EndProject
Project("{FAE04EC0-301F-11D3-BF4B-00C04F79EFBC}") = "Background", "Background\Background.csproj", "{66A2E3AF-9DC7-4D25-8B49-D151F02FA488}"
EndProject
Project("{FAE04EC0-301F-11D3-BF4B-00C04F79EFBC}") = "Background2", "Background2\Background2.csproj", "{AE69EC87-97C4-4B52-AE3D-4BD7E00801D3}"
EndProject
Project("{FAE04EC0-301F-11D3-BF4B-00C04F79EFBC}") = "Example3", "Example3\Example3.csproj", "{A276CA46-6E51-40C5-A462-7064E707E2D0}"
EndProject
Project("{FAE04EC0-301F-11D3-BF4B-00C04F79EFBC}") = "MathematichalFunctions", "MathematichalFunctions\MathematichalFunctions.csproj", "{69BB6F9E-E8B0-47E3-B1C0-853789E3CEA3}"
EndProject
Project("{2150E333-8FDC-42A3-9474-1A3956D46DE8}") = "Array", "Array", "{C6B7371A-5F42-43FE-B90D-88052F01A5A0}"
EndProject
Project("{2150E333-8FDC-42A3-9474-1A3956D46DE8}") = "Ifelsee", "Ifelsee", "{84FB692B-8A8A-4FD3-B8AC-E0692A0685D3}"
EndProject
Project("{2150E333-8FDC-42A3-9474-1A3956D46DE8}") = "Variables", "Variables", "{B0B11E82-85D1-4221-84EF-4297978824CC}"
EndProject
Project("{2150E333-8FDC-42A3-9474-1A3956D46DE8}") = "Int", "Int", "{FA2EF394-DCFD-419D-8E4D-D4F65BA72B7A}"
EndProject
Project("{2150E333-8FDC-42A3-9474-1A3956D46DE8}") = "String", "String", "{C53FC025-AD4D-427F-87CC-9E9968B9CFC3}"
EndProject
Project("{2150E333-8FDC-42A3-9474-1A3956D46DE8}") = "Char", "Char", "{F12334A0-80AF-4B30-9DE2-70B339DC738C}"
EndProject
Project("{2150E333-8FDC-42A3-9474-1A3956D46DE8}") = "Decimal", "Decimal", "{D9FB9E04-0D44-45BD-9F1F-2150E5EC20C7}"
EndProject
Project("{2150E333-8FDC-42A3-9474-1A3956D46DE8}") = "Functions", "Functions", "{3212AF45-D23D-46E8-A439-0CE8052F0121}"
EndProject
Project("{FAE04EC0-301F-11D3-BF4B-00C04F79EFBC}") = "DateTimeNowFunction", "DateTimeNowFunction\DateTimeNowFunction.csproj", "{D0936CC8-6D52-427F-A170-FA178689031A}"
EndProject
Project("{FAE04EC0-301F-11D3-BF4B-00C04F79EFBC}") = "DateTimeNowFunction2", "DateTimeNowFunction2\DateTimeNowFunction2.csproj", "{93A70444-6FA3-407B-B068-F89273377760}"
EndProject
Project("{2150E333-8FDC-42A3-9474-1A3956D46DE8}") = "StarPattern", "StarPattern", "{86140B08-7721-40F5-9254-E1F24FA98435}"
EndProject
Project("{FAE04EC0-301F-11D3-BF4B-00C04F79EFBC}") = "StarExample1", "StarExample1\StarExample1.csproj", "{D7DEE093-5B08-4986-AB28-BA6117FDABDB}"
EndProject
Project("{2150E333-8FDC-42A3-9474-1A3956D46DE8}") = "Switch", "Switch", "{406A9D0B-D4F4-476A-942D-A4A0E1FDF00A}"
EndProject
Project("{FAE04EC0-301F-11D3-BF4B-00C04F79EFBC}") = "StarExample2", "StarExampl2\StarExample2.csproj", "{02C110AA-0028-4951-8E6C-2F2AE69CE2C5}"
EndProject
Global
	GlobalSection(SolutionConfigurationPlatforms) = preSolution
		Debug|Any CPU = Debug|Any CPU
		Release|Any CPU = Release|Any CPU
	EndGlobalSection
	GlobalSection(ProjectConfigurationPlatforms) = postSolution
		{50F54542-7532-4219-B98D-12BD47575716}.Debug|Any CPU.ActiveCfg = Debug|Any CPU
		{50F54542-7532-4219-B98D-12BD47575716}.Debug|Any CPU.Build.0 = Debug|Any CPU
		{50F54542-7532-4219-B98D-12BD47575716}.Release|Any CPU.ActiveCfg = Release|Any CPU
		{50F54542-7532-4219-B98D-12BD47575716}.Release|Any CPU.Build.0 = Release|Any CPU
		{E5E63D09-12D4-4D48-892A-38709A8F3FE0}.Debug|Any CPU.ActiveCfg = Debug|Any CPU
		{E5E63D09-12D4-4D48-892A-38709A8F3FE0}.Debug|Any CPU.Build.0 = Debug|Any CPU
		{E5E63D09-12D4-4D48-892A-38709A8F3FE0}.Release|Any CPU.ActiveCfg = Release|Any CPU
		{E5E63D09-12D4-4D48-892A-38709A8F3FE0}.Release|Any CPU.Build.0 = Release|Any CPU
		{4492FC9C-727C-4526-963A-07E6D711CF60}.Debug|Any CPU.ActiveCfg = Debug|Any CPU
		{4492FC9C-727C-4526-963A-07E6D711CF60}.Debug|Any CPU.Build.0 = Debug|Any CPU
		{4492FC9C-727C-4526-963A-07E6D711CF60}.Release|Any CPU.ActiveCfg = Release|Any CPU
		{4492FC9C-727C-4526-963A-07E6D711CF60}.Release|Any CPU.Build.0 = Release|Any CPU
		{273C6DA5-C567-4EEE-9812-A404946435C4}.Debug|Any CPU.ActiveCfg = Debug|Any CPU
		{273C6DA5-C567-4EEE-9812-A404946435C4}.Debug|Any CPU.Build.0 = Debug|Any CPU
		{273C6DA5-C567-4EEE-9812-A404946435C4}.Release|Any CPU.ActiveCfg = Release|Any CPU
		{273C6DA5-C567-4EEE-9812-A404946435C4}.Release|Any CPU.Build.0 = Release|Any CPU
		{EE6C21E3-E6A6-413F-BCC7-6B1FF4E4554D}.Debug|Any CPU.ActiveCfg = Debug|Any CPU
		{EE6C21E3-E6A6-413F-BCC7-6B1FF4E4554D}.Debug|Any CPU.Build.0 = Debug|Any CPU
		{EE6C21E3-E6A6-413F-BCC7-6B1FF4E4554D}.Release|Any CPU.ActiveCfg = Release|Any CPU
		{EE6C21E3-E6A6-413F-BCC7-6B1FF4E4554D}.Release|Any CPU.Build.0 = Release|Any CPU
		{3466C97A-8F20-469C-B71A-25DE05679F41}.Debug|Any CPU.ActiveCfg = Debug|Any CPU
		{3466C97A-8F20-469C-B71A-25DE05679F41}.Debug|Any CPU.Build.0 = Debug|Any CPU
		{3466C97A-8F20-469C-B71A-25DE05679F41}.Release|Any CPU.ActiveCfg = Release|Any CPU
		{3466C97A-8F20-469C-B71A-25DE05679F41}.Release|Any CPU.Build.0 = Release|Any CPU
		{BD4D6A98-F561-4164-9DC2-329E7F178E2B}.Debug|Any CPU.ActiveCfg = Debug|Any CPU
		{BD4D6A98-F561-4164-9DC2-329E7F178E2B}.Debug|Any CPU.Build.0 = Debug|Any CPU
		{BD4D6A98-F561-4164-9DC2-329E7F178E2B}.Release|Any CPU.ActiveCfg = Release|Any CPU
		{BD4D6A98-F561-4164-9DC2-329E7F178E2B}.Release|Any CPU.Build.0 = Release|Any CPU
		{D23774A1-22DA-47D1-B828-85CC49A0D7B2}.Debug|Any CPU.ActiveCfg = Debug|Any CPU
		{D23774A1-22DA-47D1-B828-85CC49A0D7B2}.Debug|Any CPU.Build.0 = Debug|Any CPU
		{D23774A1-22DA-47D1-B828-85CC49A0D7B2}.Release|Any CPU.ActiveCfg = Release|Any CPU
		{D23774A1-22DA-47D1-B828-85CC49A0D7B2}.Release|Any CPU.Build.0 = Release|Any CPU
		{DE9E1ACF-5BE5-4D46-B41A-690B54F0508E}.Debug|Any CPU.ActiveCfg = Debug|Any CPU
		{DE9E1ACF-5BE5-4D46-B41A-690B54F0508E}.Debug|Any CPU.Build.0 = Debug|Any CPU
		{DE9E1ACF-5BE5-4D46-B41A-690B54F0508E}.Release|Any CPU.ActiveCfg = Release|Any CPU
		{DE9E1ACF-5BE5-4D46-B41A-690B54F0508E}.Release|Any CPU.Build.0 = Release|Any CPU
		{C5EE31A1-9988-4001-A9F3-C3833FFB81A4}.Debug|Any CPU.ActiveCfg = Debug|Any CPU
		{C5EE31A1-9988-4001-A9F3-C3833FFB81A4}.Debug|Any CPU.Build.0 = Debug|Any CPU
		{C5EE31A1-9988-4001-A9F3-C3833FFB81A4}.Release|Any CPU.ActiveCfg = Release|Any CPU
		{C5EE31A1-9988-4001-A9F3-C3833FFB81A4}.Release|Any CPU.Build.0 = Release|Any CPU
		{4D0D6A41-7A27-4BAC-B86D-2B30AA7F2AF1}.Debug|Any CPU.ActiveCfg = Debug|Any CPU
		{4D0D6A41-7A27-4BAC-B86D-2B30AA7F2AF1}.Debug|Any CPU.Build.0 = Debug|Any CPU
		{4D0D6A41-7A27-4BAC-B86D-2B30AA7F2AF1}.Release|Any CPU.ActiveCfg = Release|Any CPU
		{4D0D6A41-7A27-4BAC-B86D-2B30AA7F2AF1}.Release|Any CPU.Build.0 = Release|Any CPU
		{A55F9D4F-ED71-428A-A60C-CFF584051998}.Debug|Any CPU.ActiveCfg = Debug|Any CPU
		{A55F9D4F-ED71-428A-A60C-CFF584051998}.Debug|Any CPU.Build.0 = Debug|Any CPU
		{A55F9D4F-ED71-428A-A60C-CFF584051998}.Release|Any CPU.ActiveCfg = Release|Any CPU
		{A55F9D4F-ED71-428A-A60C-CFF584051998}.Release|Any CPU.Build.0 = Release|Any CPU
		{5EB3FC54-5CC6-4BB0-8DD8-FD3EE89FE2D1}.Debug|Any CPU.ActiveCfg = Debug|Any CPU
		{5EB3FC54-5CC6-4BB0-8DD8-FD3EE89FE2D1}.Debug|Any CPU.Build.0 = Debug|Any CPU
		{5EB3FC54-5CC6-4BB0-8DD8-FD3EE89FE2D1}.Release|Any CPU.ActiveCfg = Release|Any CPU
		{5EB3FC54-5CC6-4BB0-8DD8-FD3EE89FE2D1}.Release|Any CPU.Build.0 = Release|Any CPU
		{40D0F035-1BEC-489C-8CBF-DE0120386185}.Debug|Any CPU.ActiveCfg = Debug|Any CPU
		{40D0F035-1BEC-489C-8CBF-DE0120386185}.Debug|Any CPU.Build.0 = Debug|Any CPU
		{40D0F035-1BEC-489C-8CBF-DE0120386185}.Release|Any CPU.ActiveCfg = Release|Any CPU
		{40D0F035-1BEC-489C-8CBF-DE0120386185}.Release|Any CPU.Build.0 = Release|Any CPU
		{EBE81F2E-4754-45B9-913F-CAF57F9DEC02}.Debug|Any CPU.ActiveCfg = Debug|Any CPU
		{EBE81F2E-4754-45B9-913F-CAF57F9DEC02}.Debug|Any CPU.Build.0 = Debug|Any CPU
		{EBE81F2E-4754-45B9-913F-CAF57F9DEC02}.Release|Any CPU.ActiveCfg = Release|Any CPU
		{EBE81F2E-4754-45B9-913F-CAF57F9DEC02}.Release|Any CPU.Build.0 = Release|Any CPU
		{1280594B-96CF-4C38-8C2B-34910AD16019}.Debug|Any CPU.ActiveCfg = Debug|Any CPU
		{1280594B-96CF-4C38-8C2B-34910AD16019}.Debug|Any CPU.Build.0 = Debug|Any CPU
		{1280594B-96CF-4C38-8C2B-34910AD16019}.Release|Any CPU.ActiveCfg = Release|Any CPU
		{1280594B-96CF-4C38-8C2B-34910AD16019}.Release|Any CPU.Build.0 = Release|Any CPU
		{99AFF23F-A297-4F96-BAB3-9D311D6C068B}.Debug|Any CPU.ActiveCfg = Debug|Any CPU
		{99AFF23F-A297-4F96-BAB3-9D311D6C068B}.Debug|Any CPU.Build.0 = Debug|Any CPU
		{99AFF23F-A297-4F96-BAB3-9D311D6C068B}.Release|Any CPU.ActiveCfg = Release|Any CPU
		{99AFF23F-A297-4F96-BAB3-9D311D6C068B}.Release|Any CPU.Build.0 = Release|Any CPU
		{B859B226-6BBF-46A9-BD65-9171D24F107D}.Debug|Any CPU.ActiveCfg = Debug|Any CPU
		{B859B226-6BBF-46A9-BD65-9171D24F107D}.Debug|Any CPU.Build.0 = Debug|Any CPU
		{B859B226-6BBF-46A9-BD65-9171D24F107D}.Release|Any CPU.ActiveCfg = Release|Any CPU
		{B859B226-6BBF-46A9-BD65-9171D24F107D}.Release|Any CPU.Build.0 = Release|Any CPU
		{5269EB55-75E3-4411-835D-1702D9931EE2}.Debug|Any CPU.ActiveCfg = Debug|Any CPU
		{5269EB55-75E3-4411-835D-1702D9931EE2}.Debug|Any CPU.Build.0 = Debug|Any CPU
		{5269EB55-75E3-4411-835D-1702D9931EE2}.Release|Any CPU.ActiveCfg = Release|Any CPU
		{5269EB55-75E3-4411-835D-1702D9931EE2}.Release|Any CPU.Build.0 = Release|Any CPU
		{5FB6EE67-888F-4169-9B8D-D39994FC8851}.Debug|Any CPU.ActiveCfg = Debug|Any CPU
		{5FB6EE67-888F-4169-9B8D-D39994FC8851}.Debug|Any CPU.Build.0 = Debug|Any CPU
		{5FB6EE67-888F-4169-9B8D-D39994FC8851}.Release|Any CPU.ActiveCfg = Release|Any CPU
		{5FB6EE67-888F-4169-9B8D-D39994FC8851}.Release|Any CPU.Build.0 = Release|Any CPU
		{DA792BB6-F7CC-4185-9747-AEADEEC4816A}.Debug|Any CPU.ActiveCfg = Debug|Any CPU
		{DA792BB6-F7CC-4185-9747-AEADEEC4816A}.Debug|Any CPU.Build.0 = Debug|Any CPU
		{DA792BB6-F7CC-4185-9747-AEADEEC4816A}.Release|Any CPU.ActiveCfg = Release|Any CPU
		{DA792BB6-F7CC-4185-9747-AEADEEC4816A}.Release|Any CPU.Build.0 = Release|Any CPU
		{7278A770-3F6D-4554-9397-65C85CF18B81}.Debug|Any CPU.ActiveCfg = Debug|Any CPU
		{7278A770-3F6D-4554-9397-65C85CF18B81}.Debug|Any CPU.Build.0 = Debug|Any CPU
		{7278A770-3F6D-4554-9397-65C85CF18B81}.Release|Any CPU.ActiveCfg = Release|Any CPU
		{7278A770-3F6D-4554-9397-65C85CF18B81}.Release|Any CPU.Build.0 = Release|Any CPU
		{26BA04A2-A971-424C-AF48-984C666D7FF5}.Debug|Any CPU.ActiveCfg = Debug|Any CPU
		{26BA04A2-A971-424C-AF48-984C666D7FF5}.Debug|Any CPU.Build.0 = Debug|Any CPU
		{26BA04A2-A971-424C-AF48-984C666D7FF5}.Release|Any CPU.ActiveCfg = Release|Any CPU
		{26BA04A2-A971-424C-AF48-984C666D7FF5}.Release|Any CPU.Build.0 = Release|Any CPU
		{48517CDF-95DE-4E93-9D55-0CD62A4A87FC}.Debug|Any CPU.ActiveCfg = Debug|Any CPU
		{48517CDF-95DE-4E93-9D55-0CD62A4A87FC}.Debug|Any CPU.Build.0 = Debug|Any CPU
		{48517CDF-95DE-4E93-9D55-0CD62A4A87FC}.Release|Any CPU.ActiveCfg = Release|Any CPU
		{48517CDF-95DE-4E93-9D55-0CD62A4A87FC}.Release|Any CPU.Build.0 = Release|Any CPU
		{2BD90F6F-4CAD-42C7-8FFB-7618E93A35B3}.Debug|Any CPU.ActiveCfg = Debug|Any CPU
		{2BD90F6F-4CAD-42C7-8FFB-7618E93A35B3}.Debug|Any CPU.Build.0 = Debug|Any CPU
		{2BD90F6F-4CAD-42C7-8FFB-7618E93A35B3}.Release|Any CPU.ActiveCfg = Release|Any CPU
		{2BD90F6F-4CAD-42C7-8FFB-7618E93A35B3}.Release|Any CPU.Build.0 = Release|Any CPU
		{53BA8D7A-385D-4967-8EDF-6BCA496C052A}.Debug|Any CPU.ActiveCfg = Debug|Any CPU
		{53BA8D7A-385D-4967-8EDF-6BCA496C052A}.Debug|Any CPU.Build.0 = Debug|Any CPU
		{53BA8D7A-385D-4967-8EDF-6BCA496C052A}.Release|Any CPU.ActiveCfg = Release|Any CPU
		{53BA8D7A-385D-4967-8EDF-6BCA496C052A}.Release|Any CPU.Build.0 = Release|Any CPU
		{4271651C-96ED-4B53-9DD0-1E8599BDE0A2}.Debug|Any CPU.ActiveCfg = Debug|Any CPU
		{4271651C-96ED-4B53-9DD0-1E8599BDE0A2}.Debug|Any CPU.Build.0 = Debug|Any CPU
		{4271651C-96ED-4B53-9DD0-1E8599BDE0A2}.Release|Any CPU.ActiveCfg = Release|Any CPU
		{4271651C-96ED-4B53-9DD0-1E8599BDE0A2}.Release|Any CPU.Build.0 = Release|Any CPU
		{0BAF02F3-C159-4285-BCB5-EDA9170DFD4E}.Debug|Any CPU.ActiveCfg = Debug|Any CPU
		{0BAF02F3-C159-4285-BCB5-EDA9170DFD4E}.Debug|Any CPU.Build.0 = Debug|Any CPU
		{0BAF02F3-C159-4285-BCB5-EDA9170DFD4E}.Release|Any CPU.ActiveCfg = Release|Any CPU
		{0BAF02F3-C159-4285-BCB5-EDA9170DFD4E}.Release|Any CPU.Build.0 = Release|Any CPU
		{67122768-F79E-4877-823C-216F169C67CC}.Debug|Any CPU.ActiveCfg = Debug|Any CPU
		{67122768-F79E-4877-823C-216F169C67CC}.Debug|Any CPU.Build.0 = Debug|Any CPU
		{67122768-F79E-4877-823C-216F169C67CC}.Release|Any CPU.ActiveCfg = Release|Any CPU
		{67122768-F79E-4877-823C-216F169C67CC}.Release|Any CPU.Build.0 = Release|Any CPU
		{8A45B1F4-AAE7-4F55-99B2-1074F167AB5C}.Debug|Any CPU.ActiveCfg = Debug|Any CPU
		{8A45B1F4-AAE7-4F55-99B2-1074F167AB5C}.Debug|Any CPU.Build.0 = Debug|Any CPU
		{8A45B1F4-AAE7-4F55-99B2-1074F167AB5C}.Release|Any CPU.ActiveCfg = Release|Any CPU
		{8A45B1F4-AAE7-4F55-99B2-1074F167AB5C}.Release|Any CPU.Build.0 = Release|Any CPU
		{836361E1-BDAD-4E52-A5FA-8C2E4711B1F9}.Debug|Any CPU.ActiveCfg = Debug|Any CPU
		{836361E1-BDAD-4E52-A5FA-8C2E4711B1F9}.Debug|Any CPU.Build.0 = Debug|Any CPU
		{836361E1-BDAD-4E52-A5FA-8C2E4711B1F9}.Release|Any CPU.ActiveCfg = Release|Any CPU
		{836361E1-BDAD-4E52-A5FA-8C2E4711B1F9}.Release|Any CPU.Build.0 = Release|Any CPU
		{F344DE7C-595F-4043-8E30-A6BB26B6003E}.Debug|Any CPU.ActiveCfg = Debug|Any CPU
		{F344DE7C-595F-4043-8E30-A6BB26B6003E}.Debug|Any CPU.Build.0 = Debug|Any CPU
		{F344DE7C-595F-4043-8E30-A6BB26B6003E}.Release|Any CPU.ActiveCfg = Release|Any CPU
		{F344DE7C-595F-4043-8E30-A6BB26B6003E}.Release|Any CPU.Build.0 = Release|Any CPU
		{720BF3D8-A32C-4980-BC48-E3DFFE85B5DC}.Debug|Any CPU.ActiveCfg = Debug|Any CPU
		{720BF3D8-A32C-4980-BC48-E3DFFE85B5DC}.Debug|Any CPU.Build.0 = Debug|Any CPU
		{720BF3D8-A32C-4980-BC48-E3DFFE85B5DC}.Release|Any CPU.ActiveCfg = Release|Any CPU
		{720BF3D8-A32C-4980-BC48-E3DFFE85B5DC}.Release|Any CPU.Build.0 = Release|Any CPU
		{B0692C5F-AF84-4068-A397-A7D463739433}.Debug|Any CPU.ActiveCfg = Debug|Any CPU
		{B0692C5F-AF84-4068-A397-A7D463739433}.Debug|Any CPU.Build.0 = Debug|Any CPU
		{B0692C5F-AF84-4068-A397-A7D463739433}.Release|Any CPU.ActiveCfg = Release|Any CPU
		{B0692C5F-AF84-4068-A397-A7D463739433}.Release|Any CPU.Build.0 = Release|Any CPU
		{900DE026-91DF-4787-8E21-A6D71D09C2D9}.Debug|Any CPU.ActiveCfg = Debug|Any CPU
		{900DE026-91DF-4787-8E21-A6D71D09C2D9}.Debug|Any CPU.Build.0 = Debug|Any CPU
		{900DE026-91DF-4787-8E21-A6D71D09C2D9}.Release|Any CPU.ActiveCfg = Release|Any CPU
		{900DE026-91DF-4787-8E21-A6D71D09C2D9}.Release|Any CPU.Build.0 = Release|Any CPU
		{8C2B693E-7E19-4A3D-AF25-0B1ACC4F8CC8}.Debug|Any CPU.ActiveCfg = Debug|Any CPU
		{8C2B693E-7E19-4A3D-AF25-0B1ACC4F8CC8}.Debug|Any CPU.Build.0 = Debug|Any CPU
		{8C2B693E-7E19-4A3D-AF25-0B1ACC4F8CC8}.Release|Any CPU.ActiveCfg = Release|Any CPU
		{8C2B693E-7E19-4A3D-AF25-0B1ACC4F8CC8}.Release|Any CPU.Build.0 = Release|Any CPU
		{246E0CDE-429C-4152-BE5C-DC58B8AAD76D}.Debug|Any CPU.ActiveCfg = Debug|Any CPU
		{246E0CDE-429C-4152-BE5C-DC58B8AAD76D}.Debug|Any CPU.Build.0 = Debug|Any CPU
		{246E0CDE-429C-4152-BE5C-DC58B8AAD76D}.Release|Any CPU.ActiveCfg = Release|Any CPU
		{246E0CDE-429C-4152-BE5C-DC58B8AAD76D}.Release|Any CPU.Build.0 = Release|Any CPU
		{B2F18473-E21D-4DE2-87FE-222AF534E2B4}.Debug|Any CPU.ActiveCfg = Debug|Any CPU
		{B2F18473-E21D-4DE2-87FE-222AF534E2B4}.Debug|Any CPU.Build.0 = Debug|Any CPU
		{B2F18473-E21D-4DE2-87FE-222AF534E2B4}.Release|Any CPU.ActiveCfg = Release|Any CPU
		{B2F18473-E21D-4DE2-87FE-222AF534E2B4}.Release|Any CPU.Build.0 = Release|Any CPU
		{511BDBEC-615D-43A0-AFC4-04BDFECF869A}.Debug|Any CPU.ActiveCfg = Debug|Any CPU
		{511BDBEC-615D-43A0-AFC4-04BDFECF869A}.Debug|Any CPU.Build.0 = Debug|Any CPU
		{511BDBEC-615D-43A0-AFC4-04BDFECF869A}.Release|Any CPU.ActiveCfg = Release|Any CPU
		{511BDBEC-615D-43A0-AFC4-04BDFECF869A}.Release|Any CPU.Build.0 = Release|Any CPU
		{DFB30D70-7147-4F10-88E8-BF3F733B0E67}.Debug|Any CPU.ActiveCfg = Debug|Any CPU
		{DFB30D70-7147-4F10-88E8-BF3F733B0E67}.Debug|Any CPU.Build.0 = Debug|Any CPU
		{DFB30D70-7147-4F10-88E8-BF3F733B0E67}.Release|Any CPU.ActiveCfg = Release|Any CPU
		{DFB30D70-7147-4F10-88E8-BF3F733B0E67}.Release|Any CPU.Build.0 = Release|Any CPU
		{12323BD0-46D7-48BF-8CA7-418A44BBA4AE}.Debug|Any CPU.ActiveCfg = Debug|Any CPU
		{12323BD0-46D7-48BF-8CA7-418A44BBA4AE}.Debug|Any CPU.Build.0 = Debug|Any CPU
		{12323BD0-46D7-48BF-8CA7-418A44BBA4AE}.Release|Any CPU.ActiveCfg = Release|Any CPU
		{12323BD0-46D7-48BF-8CA7-418A44BBA4AE}.Release|Any CPU.Build.0 = Release|Any CPU
		{44B07C18-D66C-4593-BB0D-F18508CCC531}.Debug|Any CPU.ActiveCfg = Debug|Any CPU
		{44B07C18-D66C-4593-BB0D-F18508CCC531}.Debug|Any CPU.Build.0 = Debug|Any CPU
		{44B07C18-D66C-4593-BB0D-F18508CCC531}.Release|Any CPU.ActiveCfg = Release|Any CPU
		{44B07C18-D66C-4593-BB0D-F18508CCC531}.Release|Any CPU.Build.0 = Release|Any CPU
		{0BC5FFE2-A738-4FBD-862C-ADC6CC77C425}.Debug|Any CPU.ActiveCfg = Debug|Any CPU
		{0BC5FFE2-A738-4FBD-862C-ADC6CC77C425}.Debug|Any CPU.Build.0 = Debug|Any CPU
		{0BC5FFE2-A738-4FBD-862C-ADC6CC77C425}.Release|Any CPU.ActiveCfg = Release|Any CPU
		{0BC5FFE2-A738-4FBD-862C-ADC6CC77C425}.Release|Any CPU.Build.0 = Release|Any CPU
		{B5805C3E-43A0-4987-A7D7-2434ADAA11D8}.Debug|Any CPU.ActiveCfg = Debug|Any CPU
		{B5805C3E-43A0-4987-A7D7-2434ADAA11D8}.Debug|Any CPU.Build.0 = Debug|Any CPU
		{B5805C3E-43A0-4987-A7D7-2434ADAA11D8}.Release|Any CPU.ActiveCfg = Release|Any CPU
		{B5805C3E-43A0-4987-A7D7-2434ADAA11D8}.Release|Any CPU.Build.0 = Release|Any CPU
		{14EA00EF-DB23-4C49-BD5C-604FE7E35229}.Debug|Any CPU.ActiveCfg = Debug|Any CPU
		{14EA00EF-DB23-4C49-BD5C-604FE7E35229}.Debug|Any CPU.Build.0 = Debug|Any CPU
		{14EA00EF-DB23-4C49-BD5C-604FE7E35229}.Release|Any CPU.ActiveCfg = Release|Any CPU
		{14EA00EF-DB23-4C49-BD5C-604FE7E35229}.Release|Any CPU.Build.0 = Release|Any CPU
		{DEA8C88A-BA45-4C42-9B74-AE6329A82A73}.Debug|Any CPU.ActiveCfg = Debug|Any CPU
		{DEA8C88A-BA45-4C42-9B74-AE6329A82A73}.Debug|Any CPU.Build.0 = Debug|Any CPU
		{DEA8C88A-BA45-4C42-9B74-AE6329A82A73}.Release|Any CPU.ActiveCfg = Release|Any CPU
		{DEA8C88A-BA45-4C42-9B74-AE6329A82A73}.Release|Any CPU.Build.0 = Release|Any CPU
		{1F08B9E0-7326-45F5-A3DC-6D5B4191DD08}.Debug|Any CPU.ActiveCfg = Debug|Any CPU
		{1F08B9E0-7326-45F5-A3DC-6D5B4191DD08}.Debug|Any CPU.Build.0 = Debug|Any CPU
		{1F08B9E0-7326-45F5-A3DC-6D5B4191DD08}.Release|Any CPU.ActiveCfg = Release|Any CPU
		{1F08B9E0-7326-45F5-A3DC-6D5B4191DD08}.Release|Any CPU.Build.0 = Release|Any CPU
		{7FA8AEE0-8228-4404-A045-130DAF4DE665}.Debug|Any CPU.ActiveCfg = Debug|Any CPU
		{7FA8AEE0-8228-4404-A045-130DAF4DE665}.Debug|Any CPU.Build.0 = Debug|Any CPU
		{7FA8AEE0-8228-4404-A045-130DAF4DE665}.Release|Any CPU.ActiveCfg = Release|Any CPU
		{7FA8AEE0-8228-4404-A045-130DAF4DE665}.Release|Any CPU.Build.0 = Release|Any CPU
		{66A2E3AF-9DC7-4D25-8B49-D151F02FA488}.Debug|Any CPU.ActiveCfg = Debug|Any CPU
		{66A2E3AF-9DC7-4D25-8B49-D151F02FA488}.Debug|Any CPU.Build.0 = Debug|Any CPU
		{66A2E3AF-9DC7-4D25-8B49-D151F02FA488}.Release|Any CPU.ActiveCfg = Release|Any CPU
		{66A2E3AF-9DC7-4D25-8B49-D151F02FA488}.Release|Any CPU.Build.0 = Release|Any CPU
		{AE69EC87-97C4-4B52-AE3D-4BD7E00801D3}.Debug|Any CPU.ActiveCfg = Debug|Any CPU
		{AE69EC87-97C4-4B52-AE3D-4BD7E00801D3}.Debug|Any CPU.Build.0 = Debug|Any CPU
		{AE69EC87-97C4-4B52-AE3D-4BD7E00801D3}.Release|Any CPU.ActiveCfg = Release|Any CPU
		{AE69EC87-97C4-4B52-AE3D-4BD7E00801D3}.Release|Any CPU.Build.0 = Release|Any CPU
		{A276CA46-6E51-40C5-A462-7064E707E2D0}.Debug|Any CPU.ActiveCfg = Debug|Any CPU
		{A276CA46-6E51-40C5-A462-7064E707E2D0}.Debug|Any CPU.Build.0 = Debug|Any CPU
		{A276CA46-6E51-40C5-A462-7064E707E2D0}.Release|Any CPU.ActiveCfg = Release|Any CPU
		{A276CA46-6E51-40C5-A462-7064E707E2D0}.Release|Any CPU.Build.0 = Release|Any CPU
		{69BB6F9E-E8B0-47E3-B1C0-853789E3CEA3}.Debug|Any CPU.ActiveCfg = Debug|Any CPU
		{69BB6F9E-E8B0-47E3-B1C0-853789E3CEA3}.Debug|Any CPU.Build.0 = Debug|Any CPU
		{69BB6F9E-E8B0-47E3-B1C0-853789E3CEA3}.Release|Any CPU.ActiveCfg = Release|Any CPU
		{69BB6F9E-E8B0-47E3-B1C0-853789E3CEA3}.Release|Any CPU.Build.0 = Release|Any CPU
		{D0936CC8-6D52-427F-A170-FA178689031A}.Debug|Any CPU.ActiveCfg = Debug|Any CPU
		{D0936CC8-6D52-427F-A170-FA178689031A}.Debug|Any CPU.Build.0 = Debug|Any CPU
		{D0936CC8-6D52-427F-A170-FA178689031A}.Release|Any CPU.ActiveCfg = Release|Any CPU
		{D0936CC8-6D52-427F-A170-FA178689031A}.Release|Any CPU.Build.0 = Release|Any CPU
		{93A70444-6FA3-407B-B068-F89273377760}.Debug|Any CPU.ActiveCfg = Debug|Any CPU
		{93A70444-6FA3-407B-B068-F89273377760}.Debug|Any CPU.Build.0 = Debug|Any CPU
		{93A70444-6FA3-407B-B068-F89273377760}.Release|Any CPU.ActiveCfg = Release|Any CPU
		{93A70444-6FA3-407B-B068-F89273377760}.Release|Any CPU.Build.0 = Release|Any CPU
		{D7DEE093-5B08-4986-AB28-BA6117FDABDB}.Debug|Any CPU.ActiveCfg = Debug|Any CPU
		{D7DEE093-5B08-4986-AB28-BA6117FDABDB}.Debug|Any CPU.Build.0 = Debug|Any CPU
		{D7DEE093-5B08-4986-AB28-BA6117FDABDB}.Release|Any CPU.ActiveCfg = Release|Any CPU
		{D7DEE093-5B08-4986-AB28-BA6117FDABDB}.Release|Any CPU.Build.0 = Release|Any CPU
		{02C110AA-0028-4951-8E6C-2F2AE69CE2C5}.Debug|Any CPU.ActiveCfg = Debug|Any CPU
		{02C110AA-0028-4951-8E6C-2F2AE69CE2C5}.Debug|Any CPU.Build.0 = Debug|Any CPU
		{02C110AA-0028-4951-8E6C-2F2AE69CE2C5}.Release|Any CPU.ActiveCfg = Release|Any CPU
		{02C110AA-0028-4951-8E6C-2F2AE69CE2C5}.Release|Any CPU.Build.0 = Release|Any CPU
	EndGlobalSection
	GlobalSection(SolutionProperties) = preSolution
		HideSolutionNode = FALSE
	EndGlobalSection
	GlobalSection(NestedProjects) = preSolution
		{50F54542-7532-4219-B98D-12BD47575716} = {C53FC025-AD4D-427F-87CC-9E9968B9CFC3}
		{E5E63D09-12D4-4D48-892A-38709A8F3FE0} = {C53FC025-AD4D-427F-87CC-9E9968B9CFC3}
		{4492FC9C-727C-4526-963A-07E6D711CF60} = {C53FC025-AD4D-427F-87CC-9E9968B9CFC3}
		{273C6DA5-C567-4EEE-9812-A404946435C4} = {C53FC025-AD4D-427F-87CC-9E9968B9CFC3}
		{EE6C21E3-E6A6-413F-BCC7-6B1FF4E4554D} = {C53FC025-AD4D-427F-87CC-9E9968B9CFC3}
		{3466C97A-8F20-469C-B71A-25DE05679F41} = {FA2EF394-DCFD-419D-8E4D-D4F65BA72B7A}
		{BD4D6A98-F561-4164-9DC2-329E7F178E2B} = {FA2EF394-DCFD-419D-8E4D-D4F65BA72B7A}
		{D23774A1-22DA-47D1-B828-85CC49A0D7B2} = {FA2EF394-DCFD-419D-8E4D-D4F65BA72B7A}
		{DE9E1ACF-5BE5-4D46-B41A-690B54F0508E} = {FA2EF394-DCFD-419D-8E4D-D4F65BA72B7A}
		{C5EE31A1-9988-4001-A9F3-C3833FFB81A4} = {FA2EF394-DCFD-419D-8E4D-D4F65BA72B7A}
		{4D0D6A41-7A27-4BAC-B86D-2B30AA7F2AF1} = {FA2EF394-DCFD-419D-8E4D-D4F65BA72B7A}
		{A55F9D4F-ED71-428A-A60C-CFF584051998} = {B0B11E82-85D1-4221-84EF-4297978824CC}
		{5EB3FC54-5CC6-4BB0-8DD8-FD3EE89FE2D1} = {84FB692B-8A8A-4FD3-B8AC-E0692A0685D3}
		{40D0F035-1BEC-489C-8CBF-DE0120386185} = {84FB692B-8A8A-4FD3-B8AC-E0692A0685D3}
		{EBE81F2E-4754-45B9-913F-CAF57F9DEC02} = {84FB692B-8A8A-4FD3-B8AC-E0692A0685D3}
		{1280594B-96CF-4C38-8C2B-34910AD16019} = {84FB692B-8A8A-4FD3-B8AC-E0692A0685D3}
		{99AFF23F-A297-4F96-BAB3-9D311D6C068B} = {84FB692B-8A8A-4FD3-B8AC-E0692A0685D3}
		{B859B226-6BBF-46A9-BD65-9171D24F107D} = {84FB692B-8A8A-4FD3-B8AC-E0692A0685D3}
		{5269EB55-75E3-4411-835D-1702D9931EE2} = {84FB692B-8A8A-4FD3-B8AC-E0692A0685D3}
		{5FB6EE67-888F-4169-9B8D-D39994FC8851} = {84FB692B-8A8A-4FD3-B8AC-E0692A0685D3}
		{DA792BB6-F7CC-4185-9747-AEADEEC4816A} = {406A9D0B-D4F4-476A-942D-A4A0E1FDF00A}
		{7278A770-3F6D-4554-9397-65C85CF18B81} = {406A9D0B-D4F4-476A-942D-A4A0E1FDF00A}
		{26BA04A2-A971-424C-AF48-984C666D7FF5} = {406A9D0B-D4F4-476A-942D-A4A0E1FDF00A}
		{0BAF02F3-C159-4285-BCB5-EDA9170DFD4E} = {C6B7371A-5F42-43FE-B90D-88052F01A5A0}
		{67122768-F79E-4877-823C-216F169C67CC} = {C6B7371A-5F42-43FE-B90D-88052F01A5A0}
		{8A45B1F4-AAE7-4F55-99B2-1074F167AB5C} = {C6B7371A-5F42-43FE-B90D-88052F01A5A0}
		{836361E1-BDAD-4E52-A5FA-8C2E4711B1F9} = {C6B7371A-5F42-43FE-B90D-88052F01A5A0}
		{F344DE7C-595F-4043-8E30-A6BB26B6003E} = {C6B7371A-5F42-43FE-B90D-88052F01A5A0}
		{8C2B693E-7E19-4A3D-AF25-0B1ACC4F8CC8} = {3212AF45-D23D-46E8-A439-0CE8052F0121}
		{246E0CDE-429C-4152-BE5C-DC58B8AAD76D} = {3212AF45-D23D-46E8-A439-0CE8052F0121}
		{B2F18473-E21D-4DE2-87FE-222AF534E2B4} = {3212AF45-D23D-46E8-A439-0CE8052F0121}
		{511BDBEC-615D-43A0-AFC4-04BDFECF869A} = {3212AF45-D23D-46E8-A439-0CE8052F0121}
		{DFB30D70-7147-4F10-88E8-BF3F733B0E67} = {F12334A0-80AF-4B30-9DE2-70B339DC738C}
		{12323BD0-46D7-48BF-8CA7-418A44BBA4AE} = {F12334A0-80AF-4B30-9DE2-70B339DC738C}
		{44B07C18-D66C-4593-BB0D-F18508CCC531} = {B0B11E82-85D1-4221-84EF-4297978824CC}
		{0BC5FFE2-A738-4FBD-862C-ADC6CC77C425} = {D9FB9E04-0D44-45BD-9F1F-2150E5EC20C7}
		{B5805C3E-43A0-4987-A7D7-2434ADAA11D8} = {D9FB9E04-0D44-45BD-9F1F-2150E5EC20C7}
		{14EA00EF-DB23-4C49-BD5C-604FE7E35229} = {D9FB9E04-0D44-45BD-9F1F-2150E5EC20C7}
		{DEA8C88A-BA45-4C42-9B74-AE6329A82A73} = {B0B11E82-85D1-4221-84EF-4297978824CC}
		{1F08B9E0-7326-45F5-A3DC-6D5B4191DD08} = {B0B11E82-85D1-4221-84EF-4297978824CC}
		{7FA8AEE0-8228-4404-A045-130DAF4DE665} = {B0B11E82-85D1-4221-84EF-4297978824CC}
		{69BB6F9E-E8B0-47E3-B1C0-853789E3CEA3} = {3212AF45-D23D-46E8-A439-0CE8052F0121}
		{FA2EF394-DCFD-419D-8E4D-D4F65BA72B7A} = {B0B11E82-85D1-4221-84EF-4297978824CC}
		{C53FC025-AD4D-427F-87CC-9E9968B9CFC3} = {B0B11E82-85D1-4221-84EF-4297978824CC}
		{F12334A0-80AF-4B30-9DE2-70B339DC738C} = {B0B11E82-85D1-4221-84EF-4297978824CC}
		{D9FB9E04-0D44-45BD-9F1F-2150E5EC20C7} = {B0B11E82-85D1-4221-84EF-4297978824CC}
		{D0936CC8-6D52-427F-A170-FA178689031A} = {3212AF45-D23D-46E8-A439-0CE8052F0121}
		{93A70444-6FA3-407B-B068-F89273377760} = {3212AF45-D23D-46E8-A439-0CE8052F0121}
		{D7DEE093-5B08-4986-AB28-BA6117FDABDB} = {86140B08-7721-40F5-9254-E1F24FA98435}
		{02C110AA-0028-4951-8E6C-2F2AE69CE2C5} = {86140B08-7721-40F5-9254-E1F24FA98435}
	EndGlobalSection
	GlobalSection(ExtensibilityGlobals) = postSolution
		SolutionGuid = {B9249209-FBFC-4DA6-A207-C70A9F6286BC}
	EndGlobalSection
EndGlobal
