
Microsoft Visual Studio Solution File, Format Version 12.00
# Visual Studio Version 17
VisualStudioVersion = 17.4.33122.133
MinimumVisualStudioVersion = 10.0.40219.1
Project("{FAE04EC0-301F-11D3-BF4B-00C04F79EFBC}") = "StringExample", "ProcejtExample2\StringExample.csproj", "{50F54542-7532-4219-B98D-12BD47575716}"
EndProject
Project("{FAE04EC0-301F-11D3-BF4B-00C04F79EFBC}") = "StringExample2.1", "StringExample2.1\StringExample2.1.csproj", "{E5E63D09-12D4-4D48-892A-38709A8F3FE0}"
EndProject
Project("{FAE04EC0-301F-11D3-BF4B-00C04F79EFBC}") = "StringExample3", "StringExample3\StringExample3.csproj", "{4492FC9C-727C-4526-963A-07E6D711CF60}"
EndProject
Project("{FAE04EC0-301F-11D3-BF4B-00C04F79EFBC}") = "StringExample4", "StringExample4\StringExample4.csproj", "{273C6DA5-C567-4EEE-9812-A404946435C4}"
EndProject
Project("{FAE04EC0-301F-11D3-BF4B-00C04F79EFBC}") = "StringExample5", "StringExample5\StringExample5.csproj", "{EE6C21E3-E6A6-413F-BCC7-6B1FF4E4554D}"
EndProject
Project("{FAE04EC0-301F-11D3-BF4B-00C04F79EFBC}") = "IntExample", "IntExample\IntExample.csproj", "{3466C97A-8F20-469C-B71A-25DE05679F41}"
EndProject
Project("{FAE04EC0-301F-11D3-BF4B-00C04F79EFBC}") = "IntExample2", "IntExample2\IntExample2.csproj", "{BD4D6A98-F561-4164-9DC2-329E7F178E2B}"
EndProject
Project("{FAE04EC0-301F-11D3-BF4B-00C04F79EFBC}") = "IntExample3", "IntExample3\IntExample3.csproj", "{D23774A1-22DA-47D1-B828-85CC49A0D7B2}"
EndProject
Project("{FAE04EC0-301F-11D3-BF4B-00C04F79EFBC}") = "IntExample4", "IntExample4\IntExample4.csproj", "{DE9E1ACF-5BE5-4D46-B41A-690B54F0508E}"
EndProject
Project("{FAE04EC0-301F-11D3-BF4B-00C04F79EFBC}") = "IntExample5", "IntExample5\IntExample5.csproj", "{C5EE31A1-9988-4001-A9F3-C3833FFB81A4}"
EndProject
Project("{FAE04EC0-301F-11D3-BF4B-00C04F79EFBC}") = "IntExample6", "IntExample6\IntExample6.csproj", "{4D0D6A41-7A27-4BAC-B86D-2B30AA7F2AF1}"
EndProject
Project("{FAE04EC0-301F-11D3-BF4B-00C04F79EFBC}") = "DoubleExample", "DoubleExample\DoubleExample.csproj", "{A55F9D4F-ED71-428A-A60C-CFF584051998}"
EndProject
Project("{FAE04EC0-301F-11D3-BF4B-00C04F79EFBC}") = "IfElse", "IfElse\IfElse.csproj", "{5EB3FC54-5CC6-4BB0-8DD8-FD3EE89FE2D1}"
EndProject
Project("{FAE04EC0-301F-11D3-BF4B-00C04F79EFBC}") = "IfElse2", "IfElse2\IfElse2.csproj", "{40D0F035-1BEC-489C-8CBF-DE0120386185}"
EndProject
Project("{FAE04EC0-301F-11D3-BF4B-00C04F79EFBC}") = "IfElse3", "IfElse3\IfElse3.csproj", "{EBE81F2E-4754-45B9-913F-CAF57F9DEC02}"
EndProject
Project("{FAE04EC0-301F-11D3-BF4B-00C04F79EFBC}") = "IfElse4", "IfElse4\IfElse4.csproj", "{1280594B-96CF-4C38-8C2B-34910AD16019}"
EndProject
Project("{FAE04EC0-301F-11D3-BF4B-00C04F79EFBC}") = "IfElse5", "IfElse5\IfElse5.csproj", "{99AFF23F-A297-4F96-BAB3-9D311D6C068B}"
EndProject
Project("{FAE04EC0-301F-11D3-BF4B-00C04F79EFBC}") = "IfElse6", "IfElse6\IfElse6.csproj", "{B859B226-6BBF-46A9-BD65-9171D24F107D}"
EndProject
Project("{FAE04EC0-301F-11D3-BF4B-00C04F79EFBC}") = "IfElse7", "IfElse7\IfElse7.csproj", "{5269EB55-75E3-4411-835D-1702D9931EE2}"
EndProject
Project("{FAE04EC0-301F-11D3-BF4B-00C04F79EFBC}") = "IfElse8", "IfElse8\IfElse8.csproj", "{5FB6EE67-888F-4169-9B8D-D39994FC8851}"
EndProject
Project("{FAE04EC0-301F-11D3-BF4B-00C04F79EFBC}") = "SwitchCase", "SwitchCase\SwitchCase.csproj", "{DA792BB6-F7CC-4185-9747-AEADEEC4816A}"
EndProject
Project("{FAE04EC0-301F-11D3-BF4B-00C04F79EFBC}") = "SwitchCase2", "SwitchCase2\SwitchCase2.csproj", "{7278A770-3F6D-4554-9397-65C85CF18B81}"
EndProject
Project("{FAE04EC0-301F-11D3-BF4B-00C04F79EFBC}") = "SwitchCase3", "SwitchCase3\SwitchCase3.csproj", "{26BA04A2-A971-424C-AF48-984C666D7FF5}"
EndProject
Project("{FAE04EC0-301F-11D3-BF4B-00C04F79EFBC}") = "For", "For\For.csproj", "{48517CDF-95DE-4E93-9D55-0CD62A4A87FC}"
EndProject
Project("{FAE04EC0-301F-11D3-BF4B-00C04F79EFBC}") = "For2", "For2\For2.csproj", "{2BD90F6F-4CAD-42C7-8FFB-7618E93A35B3}"
EndProject
Project("{FAE04EC0-301F-11D3-BF4B-00C04F79EFBC}") = "While", "While\While.csproj", "{53BA8D7A-385D-4967-8EDF-6BCA496C052A}"
EndProject
Project("{FAE04EC0-301F-11D3-BF4B-00C04F79EFBC}") = "While2", "While2\While2.csproj", "{4271651C-96ED-4B53-9DD0-1E8599BDE0A2}"
EndProject
Project("{FAE04EC0-301F-11D3-BF4B-00C04F79EFBC}") = "Arrays", "Arrays\Arrays.csproj", "{0BAF02F3-C159-4285-BCB5-EDA9170DFD4E}"
EndProject
Project("{FAE04EC0-301F-11D3-BF4B-00C04F79EFBC}") = "Arrays2", "Arrays2\Arrays2.csproj", "{67122768-F79E-4877-823C-216F169C67CC}"
EndProject
Project("{FAE04EC0-301F-11D3-BF4B-00C04F79EFBC}") = "Arrays3", "Arrays3\Arrays3.csproj", "{8A45B1F4-AAE7-4F55-99B2-1074F167AB5C}"
EndProject
Project("{FAE04EC0-301F-11D3-BF4B-00C04F79EFBC}") = "Arrays4", "Arrays4\Arrays4.csproj", "{836361E1-BDAD-4E52-A5FA-8C2E4711B1F9}"
EndProject
Project("{FAE04EC0-301F-11D3-BF4B-00C04F79EFBC}") = "Arrays5", "Arrays5\Arrays5.csproj", "{F344DE7C-595F-4043-8E30-A6BB26B6003E}"
EndProject
Project("{FAE04EC0-301F-11D3-BF4B-00C04F79EFBC}") = "Random Method", "Random\Random Method.csproj", "{720BF3D8-A32C-4980-BC48-E3DFFE85B5DC}"
EndProject
Project("{FAE04EC0-301F-11D3-BF4B-00C04F79EFBC}") = "RandomMethod2", "RandomMethod2\RandomMethod2.csproj", "{B0692C5F-AF84-4068-A397-A7D463739433}"
EndProject
Project("{FAE04EC0-301F-11D3-BF4B-00C04F79EFBC}") = "Example", "Example\Example.csproj", "{900DE026-91DF-4787-8E21-A6D71D09C2D9}"
EndProject
Project("{FAE04EC0-301F-11D3-BF4B-00C04F79EFBC}") = "Function", "Function\Function.csproj", "{8C2B693E-7E19-4A3D-AF25-0B1ACC4F8CC8}"
EndProject
Project("{FAE04EC0-301F-11D3-BF4B-00C04F79EFBC}") = "Function2", "Function2\Function2.csproj", "{246E0CDE-429C-4152-BE5C-DC58B8AAD76D}"
EndProject
Project("{FAE04EC0-301F-11D3-BF4B-00C04F79EFBC}") = "Function3", "Function3\Function3.csproj", "{B2F18473-E21D-4DE2-87FE-222AF534E2B4}"
EndProject
Project("{FAE04EC0-301F-11D3-BF4B-00C04F79EFBC}") = "Function4", "Function4\Function4.csproj", "{511BDBEC-615D-43A0-AFC4-04BDFECF869A}"
EndProject
Project("{FAE04EC0-301F-11D3-BF4B-00C04F79EFBC}") = "Char", "Char\Char.csproj", "{DFB30D70-7147-4F10-88E8-BF3F733B0E67}"
EndProject
Project("{FAE04EC0-301F-11D3-BF4B-00C04F79EFBC}") = "Char2", "Char2\Char2.csproj", "{12323BD0-46D7-48BF-8CA7-418A44BBA4AE}"
EndProject
Project("{FAE04EC0-301F-11D3-BF4B-00C04F79EFBC}") = "Float", "Float\Float.csproj", "{44B07C18-D66C-4593-BB0D-F18508CCC531}"
EndProject
Project("{FAE04EC0-301F-11D3-BF4B-00C04F79EFBC}") = "Decimal", "Decimal\Decimal.csproj", "{0BC5FFE2-A738-4FBD-862C-ADC6CC77C425}"
EndProject
Project("{FAE04EC0-301F-11D3-BF4B-00C04F79EFBC}") = "Decimal2", "Decimal2\Decimal2.csproj", "{B5805C3E-43A0-4987-A7D7-2434ADAA11D8}"
EndProject
Project("{FAE04EC0-301F-11D3-BF4B-00C04F79EFBC}") = "Decimal3", "Decimal3\Decimal3.csproj", "{14EA00EF-DB23-4C49-BD5C-604FE7E35229}"
EndProject
Project("{FAE04EC0-301F-11D3-BF4B-00C04F79EFBC}") = "Byte_sbyte", "Byte\Byte_sbyte.csproj", "{DEA8C88A-BA45-4C42-9B74-AE6329A82A73}"
EndProject
Project("{FAE04EC0-301F-11D3-BF4B-00C04F79EFBC}") = "short_ushort", "short_ushort\short_ushort.csproj", "{1F08B9E0-7326-45F5-A3DC-6D5B4191DD08}"
EndProject
Project("{FAE04EC0-301F-11D3-BF4B-00C04F79EFBC}") = "Bool", "Bool\Bool.csproj", "{7FA8AEE0-8228-4404-A045-130DAF4DE665}"
EndProject
Project("{FAE04EC0-301F-11D3-BF4B-00C04F79EFBC}") = "Background", "Background\Background.csproj", "{66A2E3AF-9DC7-4D25-8B49-D151F02FA488}"
EndProject
Project("{FAE04EC0-301F-11D3-BF4B-00C04F79EFBC}") = "Background2", "Background2\Background2.csproj", "{AE69EC87-97C4-4B52-AE3D-4BD7E00801D3}"
EndProject
Project("{FAE04EC0-301F-11D3-BF4B-00C04F79EFBC}") = "Example3", "Example3\Example3.csproj", "{A276CA46-6E51-40C5-A462-7064E707E2D0}"
EndProject
Project("{FAE04EC0-301F-11D3-BF4B-00C04F79EFBC}") = "MathematichalFunctions", "MathematichalFunctions\MathematichalFunctions.csproj", "{69BB6F9E-E8B0-47E3-B1C0-853789E3CEA3}"
EndProject
Project("{2150E333-8FDC-42A3-9474-1A3956D46DE8}") = "Array", "Array", "{C6B7371A-5F42-43FE-B90D-88052F01A5A0}"
EndProject
Project("{2150E333-8FDC-42A3-9474-1A3956D46DE8}") = "Ifelsee", "Ifelsee", "{84FB692B-8A8A-4FD3-B8AC-E0692A0685D3}"
EndProject
Project("{2150E333-8FDC-42A3-9474-1A3956D46DE8}") = "Variables", "Variables", "{B0B11E82-85D1-4221-84EF-4297978824CC}"
EndProject
Project("{2150E333-8FDC-42A3-9474-1A3956D46DE8}") = "Int", "Int", "{FA2EF394-DCFD-419D-8E4D-D4F65BA72B7A}"
EndProject
Project("{2150E333-8FDC-42A3-9474-1A3956D46DE8}") = "String", "String", "{C53FC025-AD4D-427F-87CC-9E9968B9CFC3}"
EndProject
Project("{2150E333-8FDC-42A3-9474-1A3956D46DE8}") = "Char", "Char", "{F12334A0-80AF-4B30-9DE2-70B339DC738C}"
EndProject
Project("{2150E333-8FDC-42A3-9474-1A3956D46DE8}") = "Decimal", "Decimal", "{D9FB9E04-0D44-45BD-9F1F-2150E5EC20C7}"
EndProject
Project("{2150E333-8FDC-42A3-9474-1A3956D46DE8}") = "Functions", "Functions", "{3212AF45-D23D-46E8-A439-0CE8052F0121}"
EndProject
Project("{FAE04EC0-301F-11D3-BF4B-00C04F79EFBC}") = "DateTimeNowFunction", "DateTimeNowFunction\DateTimeNowFunction.csproj", "{D0936CC8-6D52-427F-A170-FA178689031A}"
EndProject
Project("{FAE04EC0-301F-11D3-BF4B-00C04F79EFBC}") = "DateTimeNowFunction2", "DateTimeNowFunction2\DateTimeNowFunction2.csproj", "{93A70444-6FA3-407B-B068-F89273377760}"
EndProject
Project("{2150E333-8FDC-42A3-9474-1A3956D46DE8}") = "StarPattern", "StarPattern", "{86140B08-7721-40F5-9254-E1F24FA98435}"
EndProject
Project("{FAE04EC0-301F-11D3-BF4B-00C04F79EFBC}") = "StarExample1", "StarExample1\StarExample1.csproj", "{D7DEE093-5B08-4986-AB28-BA6117FDABDB}"
EndProject
Project("{2150E333-8FDC-42A3-9474-1A3956D46DE8}") = "Switch", "Switch", "{406A9D0B-D4F4-476A-942D-A4A0E1FDF00A}"
EndProject
Project("{FAE04EC0-301F-11D3-BF4B-00C04F79EFBC}") = "StarExample2", "StarExampl2\StarExample2.csproj", "{02C110AA-0028-4951-8E6C-2F2AE69CE2C5}"
EndProject
Project("{FAE04EC0-301F-11D3-BF4B-00C04F79EFBC}") = "StarExample3", "StarExample3\StarExample3.csproj", "{E596B9A1-5E68-42C7-998D-035BC27A3AA5}"
EndProject
Project("{FAE04EC0-301F-11D3-BF4B-00C04F79EFBC}") = "StarExample4", "StarExample4\StarExample4.csproj", "{1B5A1B4C-A5A1-487B-BB78-D1BB49C322FC}"
EndProject
Project("{FAE04EC0-301F-11D3-BF4B-00C04F79EFBC}") = "Function5", "Function5\Function5.csproj", "{65A7777D-6458-413C-A033-782ED44515AB}"
EndProject
Project("{2150E333-8FDC-42A3-9474-1A3956D46DE8}") = "Classes", "Classes", "{385316B1-E93F-4A27-A7F2-52D35A4244EB}"
EndProject
Project("{FAE04EC0-301F-11D3-BF4B-00C04F79EFBC}") = "Class1", "Class1\Class1.csproj", "{BB11E0B6-29D3-41C2-B237-30278400FF32}"
EndProject
Project("{2150E333-8FDC-42A3-9474-1A3956D46DE8}") = "NoteBook", "NoteBook", "{7A0C3E0A-1D89-4AE8-8967-22A739583C93}"
EndProject
Project("{FAE04EC0-301F-11D3-BF4B-00C04F79EFBC}") = "Class2", "Class2\Class2.csproj", "{1CFC08A2-63A4-45AD-90AE-D8007304AAA5}"
EndProject
Project("{2150E333-8FDC-42A3-9474-1A3956D46DE8}") = "For_While", "For_While", "{7500193E-E67E-45B3-B8EF-08DE5A91B2C5}"
EndProject
Project("{FAE04EC0-301F-11D3-BF4B-00C04F79EFBC}") = "Class3", "Class3\Class3.csproj", "{8EA36CF9-D0CA-4AC2-9326-D2746D05E951}"
EndProject
Project("{FAE04EC0-301F-11D3-BF4B-00C04F79EFBC}") = "Class4", "Class4\Class4.csproj", "{642BE958-9586-432D-AD77-00C19DCD625B}"
EndProject
Project("{FAE04EC0-301F-11D3-BF4B-00C04F79EFBC}") = "Class5", "Class5\Class5.csproj", "{EAC9673C-7495-481E-9A0F-7DE718C6E627}"
EndProject
Project("{FAE04EC0-301F-11D3-BF4B-00C04F79EFBC}") = "RefOut", "RefOut\RefOut.csproj", "{03C01736-0717-4916-9944-ED8CA9E3465B}"
EndProject
Project("{FAE04EC0-301F-11D3-BF4B-00C04F79EFBC}") = "examplecb", "examplecb\examplecb.csproj", "{7BC03512-C791-4953-89D1-8D7B7C8BDEF4}"
EndProject
Project("{FAE04EC0-301F-11D3-BF4B-00C04F79EFBC}") = "exampleComp0", "exampleComp0\exampleComp0.csproj", "{364A400B-F178-402B-BFBD-2E70BFA67FC7}"
EndProject
Project("{FAE04EC0-301F-11D3-BF4B-00C04F79EFBC}") = "exampleOddEven", "exampleOddEven\exampleOddEven.csproj", "{3ABC8711-6178-4922-ACFB-6FE4DCF8B6EB}"
EndProject
Project("{FAE04EC0-301F-11D3-BF4B-00C04F79EFBC}") = "exampleAddMonths", "addMonths\exampleAddMonths.csproj", "{64040864-82A2-4E59-982B-FA8F8BD628BE}"
EndProject
Project("{FAE04EC0-301F-11D3-BF4B-00C04F79EFBC}") = "exampleOdd", "exampleOdd\exampleOdd.csproj", "{574B4E3A-C962-47C2-AB76-CFF9EC67DD9B}"
EndProject
Project("{FAE04EC0-301F-11D3-BF4B-00C04F79EFBC}") = "exampleSum", "exampleSum\exampleSum.csproj", "{7D36CE00-543C-4420-8C8E-60A1351ED1BB}"
EndProject
Project("{FAE04EC0-301F-11D3-BF4B-00C04F79EFBC}") = "examplePerimeterArea", "examplePerimeterArea\examplePerimeterArea.csproj", "{0A21E92B-0F0D-4FE6-8D72-1109F6DBFF16}"
EndProject
Project("{FAE04EC0-301F-11D3-BF4B-00C04F79EFBC}") = "exampleFactorial", "exampleFactorial\exampleFactorial.csproj", "{2E07C1FD-62F7-4C67-8847-72364FE5927C}"
EndProject
Project("{FAE04EC0-301F-11D3-BF4B-00C04F79EFBC}") = "exampleMultiplication", "exampleMultiplication\exampleMultiplication.csproj", "{99E18263-DEEC-4F4F-BFB1-D3F08F874C07}"
EndProject
Project("{FAE04EC0-301F-11D3-BF4B-00C04F79EFBC}") = "examplePrimeNumber", "examplePrimeNumber\examplePrimeNumber.csproj", "{DD830CC4-658C-4DF1-86B0-42277CB53429}"
EndProject
Project("{FAE04EC0-301F-11D3-BF4B-00C04F79EFBC}") = "exampleMidtermFinal", "exampleMidtermFinal\exampleMidtermFinal.csproj", "{CB8F4B47-5793-4B7F-A02B-6538F7C9C6AC}"
EndProject
Project("{FAE04EC0-301F-11D3-BF4B-00C04F79EFBC}") = "exampleTax", "exampleTax\exampleTax.csproj", "{81A4CD21-45DB-4BBC-BF15-E620897B511D}"
EndProject
Project("{2150E333-8FDC-42A3-9474-1A3956D46DE8}") = "examples", "examples", "{ABB7917E-22BD-4D3F-9034-BC169AF7ADB8}"
EndProject
Project("{FAE04EC0-301F-11D3-BF4B-00C04F79EFBC}") = "exampleFtoC", "exampleFtoC\exampleFtoC.csproj", "{D49379E3-04D4-482E-B636-84F14E55FD46}"
EndProject
Project("{2150E333-8FDC-42A3-9474-1A3956D46DE8}") = "cihanOOP", "cihanOOP", "{4C81AF78-663A-4F3C-A9A4-12D237B1700B}"
EndProject
Project("{FAE04EC0-301F-11D3-BF4B-00C04F79EFBC}") = "Methods1", "Methods1\Methods1.csproj", "{A5161A03-C0C6-4529-B1EA-494C0EAF37C7}"
EndProject
Project("{FAE04EC0-301F-11D3-BF4B-00C04F79EFBC}") = "Methods2", "Methods2\Methods2.csproj", "{F1081292-B0DD-46A3-81E5-7838D3A450FE}"
EndProject
Project("{FAE04EC0-301F-11D3-BF4B-00C04F79EFBC}") = "Class", "Class\Class.csproj", "{60EB21ED-FE74-4B66-8CA0-AAFB40A7E2CA}"
EndProject
Project("{FAE04EC0-301F-11D3-BF4B-00C04F79EFBC}") = "Class_1", "Class_1\Class_1.csproj", "{1F03D669-3D8D-4464-B35D-010920C3ABAC}"
EndProject
Project("{FAE04EC0-301F-11D3-BF4B-00C04F79EFBC}") = "NameSpace", "NameSpace\NameSpace.csproj", "{41DAD0F2-4899-4C7F-A8C3-FEC19B2600B6}"
EndProject
Project("{FAE04EC0-301F-11D3-BF4B-00C04F79EFBC}") = "namespace2", "namespace2\namespace2.csproj", "{00890DF5-C7D5-4804-BC9D-371F5CF46BE7}"
EndProject
Project("{FAE04EC0-301F-11D3-BF4B-00C04F79EFBC}") = "namespace3", "namespace3\namespace3.csproj", "{ADE6407C-F7C8-4C2E-8FC7-5A8381C62659}"
EndProject
Project("{FAE04EC0-301F-11D3-BF4B-00C04F79EFBC}") = "nestedClass", "nestedClass\nestedClass.csproj", "{DA3FD390-E393-4565-A059-D27D573DEAA1}"
EndProject
Project("{FAE04EC0-301F-11D3-BF4B-00C04F79EFBC}") = "inheritance", "inheritance\inheritance.csproj", "{52C3D785-24E6-4B99-9F87-AABFE45B6437}"
EndProject
Project("{FAE04EC0-301F-11D3-BF4B-00C04F79EFBC}") = "inheritance1", "inheritance1\inheritance1.csproj", "{DB3081E0-DC2A-4418-B77E-C79CDDA30BB4}"
EndProject
Project("{FAE04EC0-301F-11D3-BF4B-00C04F79EFBC}") = "Interface_1", "Interface_1\Interface_1.csproj", "{7BB4222D-DD09-4789-8E6E-A59DEBBCB00F}"
EndProject
Project("{2150E333-8FDC-42A3-9474-1A3956D46DE8}") = "Examples", "Examples", "{62D9DCD5-5510-49C8-8CE7-C6FFEF6F5F35}"
EndProject
Project("{FAE04EC0-301F-11D3-BF4B-00C04F79EFBC}") = "Foreachexamples", "Foreachexamples\Foreachexamples.csproj", "{46686476-77CA-44F9-A409-77BCC116B7A2}"
EndProject
Project("{FAE04EC0-301F-11D3-BF4B-00C04F79EFBC}") = "Enum", "Enum\Enum.csproj", "{CFD103C5-089E-44DF-B9B6-A991BD5CDD96}"
EndProject
Project("{2150E333-8FDC-42A3-9474-1A3956D46DE8}") = "cengiz", "cengiz", "{5DFD627E-7CAF-4909-96A7-91C01E6CD017}"
EndProject
Project("{FAE04EC0-301F-11D3-BF4B-00C04F79EFBC}") = "ConsoleWriteRead", "ConsoleWriteRead\ConsoleWriteRead.csproj", "{8AD63518-6560-414A-B79C-42A43FB37FD5}"
EndProject
Project("{FAE04EC0-301F-11D3-BF4B-00C04F79EFBC}") = "variablesExamples", "variablesExamples\variablesExamples.csproj", "{78020B08-06DF-47C1-8325-FE4214E195BB}"
EndProject
Project("{2150E333-8FDC-42A3-9474-1A3956D46DE8}") = "variables", "variables", "{9C01E0EF-A414-4309-823C-0C0284F34DDC}"
EndProject
Project("{FAE04EC0-301F-11D3-BF4B-00C04F79EFBC}") = "String", "String\String.csproj", "{E25B5BD3-D0E3-4F5E-9B21-61A2ED1EF139}"
EndProject
Project("{FAE04EC0-301F-11D3-BF4B-00C04F79EFBC}") = "Char1", "Char1\Char1.csproj", "{D8944D7F-6554-477A-B636-A667759A9B90}"
EndProject
Project("{FAE04EC0-301F-11D3-BF4B-00C04F79EFBC}") = "Double_decimal_float", "Double_decimal_float\Double_decimal_float.csproj", "{7027A586-78A5-414C-9597-C25780D86AF1}"
EndProject
Project("{FAE04EC0-301F-11D3-BF4B-00C04F79EFBC}") = "Booleans", "Booleans\Booleans.csproj", "{F7C95CE5-C51B-4DB8-8F51-9F16F204A20B}"
EndProject
Project("{FAE04EC0-301F-11D3-BF4B-00C04F79EFBC}") = "Date_Time", "DateTime\Date_Time.csproj", "{B7C01F0F-4597-4D93-B38C-DC06D1A5346B}"
EndProject
Project("{FAE04EC0-301F-11D3-BF4B-00C04F79EFBC}") = "propertiesOfVariables", "propertiesOfVariables\propertiesOfVariables.csproj", "{761629F3-48D0-4646-9949-73A5DC55E397}"
EndProject
Project("{FAE04EC0-301F-11D3-BF4B-00C04F79EFBC}") = "variablesExamples2", "variablesExamples2\variablesExamples2.csproj", "{E9CC8D4D-A9A5-4D29-9257-815D0370CF2C}"
EndProject
Project("{FAE04EC0-301F-11D3-BF4B-00C04F79EFBC}") = "typeConversions", "typeConversions\typeConversions.csproj", "{96BD3EA7-2609-4681-A385-6FEB52F06DD6}"
EndProject
Project("{FAE04EC0-301F-11D3-BF4B-00C04F79EFBC}") = "typeCoversations2", "typeCoversations2\typeCoversations2.csproj", "{E72061DA-518B-413C-9F34-DA66D03DC167}"
EndProject
Project("{FAE04EC0-301F-11D3-BF4B-00C04F79EFBC}") = "objectType", "objectType\objectType.csproj", "{BA3334FE-3306-4943-88A2-847B645F9294}"
EndProject
Project("{FAE04EC0-301F-11D3-BF4B-00C04F79EFBC}") = "convert_parse", "convert_parse\convert_parse.csproj", "{75B23935-F792-421D-BA06-26C5C8079A94}"
EndProject
Project("{FAE04EC0-301F-11D3-BF4B-00C04F79EFBC}") = "var", "var\var.csproj", "{7318A498-7830-4816-A016-AA9C38E011DD}"
EndProject
Project("{FAE04EC0-301F-11D3-BF4B-00C04F79EFBC}") = "variablesExamples3", "variablesExamples3\variablesExamples3.csproj", "{1D2268AA-3CB1-4E97-A3DF-617AA5A7B621}"
EndProject
Project("{FAE04EC0-301F-11D3-BF4B-00C04F79EFBC}") = "VariablesExamples4", "VariablesExamples4\VariablesExamples4.csproj", "{16C40EBF-CCA0-4E2B-B65D-2FA60CF9CA62}"
EndProject
Project("{2150E333-8FDC-42A3-9474-1A3956D46DE8}") = "operators", "operators", "{9B814E2A-E15E-4D8B-8B53-FEA8DBD67966}"
EndProject
Project("{FAE04EC0-301F-11D3-BF4B-00C04F79EFBC}") = "sum", "sum\sum.csproj", "{D60F1A44-72BC-4535-93D7-C8264CDBF888}"
EndProject
Project("{FAE04EC0-301F-11D3-BF4B-00C04F79EFBC}") = "subtract", "subtract\subtract.csproj", "{AC604505-CC33-41D0-A417-56BDA568765C}"
EndProject
Project("{FAE04EC0-301F-11D3-BF4B-00C04F79EFBC}") = "multiplication", "multiplication\multiplication.csproj", "{77F6DF56-12B1-4670-9A7D-F703BDF28A75}"
EndProject
Project("{FAE04EC0-301F-11D3-BF4B-00C04F79EFBC}") = "divide", "divide\divide.csproj", "{9F0CBC4D-3D2C-4450-978C-7C325F0A98CD}"
EndProject
Project("{FAE04EC0-301F-11D3-BF4B-00C04F79EFBC}") = "operators", "mode\operators.csproj", "{6AED5E6F-9654-4FBA-A066-61B724B43957}"
EndProject
Project("{FAE04EC0-301F-11D3-BF4B-00C04F79EFBC}") = "operatorExamples", "operatorExamples\operatorExamples.csproj", "{5506A95F-D2B5-40DE-9454-87B77853B30A}"
EndProject
Project("{FAE04EC0-301F-11D3-BF4B-00C04F79EFBC}") = "xxx", "xxx\xxx.csproj", "{D9616E96-5F56-4926-AF0C-F4575A281D73}"
EndProject
Project("{FAE04EC0-301F-11D3-BF4B-00C04F79EFBC}") = "comparison", "comparisonHigher\comparison.csproj", "{267DAC42-F309-4594-ABF6-E9F2ADAFAF8D}"
EndProject
Project("{FAE04EC0-301F-11D3-BF4B-00C04F79EFBC}") = "operatorExample", "operatorexample\operatorExample.csproj", "{629A01A0-7123-47EE-BD1E-6123A7C772EE}"
EndProject
Project("{FAE04EC0-301F-11D3-BF4B-00C04F79EFBC}") = "And", "And\And.csproj", "{56D3ED1D-4ADD-4D83-99CE-7F61855EAE1A}"
EndProject
Project("{2150E333-8FDC-42A3-9474-1A3956D46DE8}") = "conditional statements", "conditional statements", "{2739F409-D02D-4754-81E1-5706AC0F3C26}"
EndProject
Project("{FAE04EC0-301F-11D3-BF4B-00C04F79EFBC}") = "ifStatement", "ıfStatement\ifStatement.csproj", "{CACC0B41-F0E5-43F9-9A9B-244F1C9A8F38}"
EndProject
Project("{FAE04EC0-301F-11D3-BF4B-00C04F79EFBC}") = "switchStatement", "switchStatement\switchStatement.csproj", "{D6613C6C-9BBF-4399-9179-61E2082BA49B}"
EndProject
Project("{2150E333-8FDC-42A3-9474-1A3956D46DE8}") = "array", "array", "{207B0B54-AD77-4D81-9701-271E3156B617}"
EndProject
Project("{FAE04EC0-301F-11D3-BF4B-00C04F79EFBC}") = "array", "array\array.csproj", "{8D0747D0-3D9D-4B6F-AC54-F1D26B5434EC}"
EndProject
Project("{FAE04EC0-301F-11D3-BF4B-00C04F79EFBC}") = "arrayExample", "arrayExample\arrayExample.csproj", "{CA0115E7-48EB-408C-AE50-759E90A7BE29}"
EndProject
Project("{FAE04EC0-301F-11D3-BF4B-00C04F79EFBC}") = "arrayExample2", "arrayExample2\arrayExample2.csproj", "{15266996-80A1-41EF-AD75-B269933D69DA}"
EndProject
Project("{2150E333-8FDC-42A3-9474-1A3956D46DE8}") = "collections", "collections", "{89FCA54F-D6F2-40FC-A7A2-E332B7E0AB6C}"
EndProject
Project("{FAE04EC0-301F-11D3-BF4B-00C04F79EFBC}") = "array_List", "arrayList\array_List.csproj", "{E0BDAE1B-A41D-4A9A-A9C8-1BDA9F319ADB}"
EndProject
Project("{FAE04EC0-301F-11D3-BF4B-00C04F79EFBC}") = "arrayListExample", "arrayListExample\arrayListExample.csproj", "{38141E1D-B9D0-4C38-80FB-F17A467189C4}"
EndProject
Project("{FAE04EC0-301F-11D3-BF4B-00C04F79EFBC}") = "arrayListExample2", "arrayListExample2\arrayListExample2.csproj", "{131CF8C5-1B09-479A-8382-F184BD7573E7}"
EndProject
Project("{FAE04EC0-301F-11D3-BF4B-00C04F79EFBC}") = "hash_Table", "hash_Table\hash_Table.csproj", "{FA95F020-67AA-475C-BE94-A4838A600704}"
EndProject
Project("{FAE04EC0-301F-11D3-BF4B-00C04F79EFBC}") = "hashTableExample", "hashTableExample\hashTableExample.csproj", "{3FB6074B-2B6A-4CA2-9D27-D8CAAC695977}"
EndProject
Project("{FAE04EC0-301F-11D3-BF4B-00C04F79EFBC}") = "sorted_List", "sorted_List\sorted_List.csproj", "{B448D48D-D0B2-4D57-9EDE-1997FC32E761}"
EndProject
Project("{FAE04EC0-301F-11D3-BF4B-00C04F79EFBC}") = "stackk", "stackk\stackk.csproj", "{317D2CED-576F-41DB-A7A4-F00C2B223983}"
EndProject
Project("{FAE04EC0-301F-11D3-BF4B-00C04F79EFBC}") = "queue_", "queue_\queue_.csproj", "{B7B5AA32-42A6-4277-9603-4F9ADA65622F}"
EndProject
Project("{FAE04EC0-301F-11D3-BF4B-00C04F79EFBC}") = "methods", "methods\methods.csproj", "{F2A8D806-EC76-4E25-A6F9-3C89BF2FE770}"
EndProject
Project("{2150E333-8FDC-42A3-9474-1A3956D46DE8}") = "method", "method", "{298BB275-FDBB-48C1-A4BA-FC20B6252146}"
EndProject
Project("{FAE04EC0-301F-11D3-BF4B-00C04F79EFBC}") = "methods_2", "methods_2\methods_2.csproj", "{D7A1EA3B-4956-40ED-81E6-912FD186ED28}"
EndProject
Project("{FAE04EC0-301F-11D3-BF4B-00C04F79EFBC}") = "methodExample", "methodExample\methodExample.csproj", "{5F47BBF5-591A-4E08-BFED-E7C00A50373C}"
EndProject
Project("{FAE04EC0-301F-11D3-BF4B-00C04F79EFBC}") = "method_Example2", "method_Example2\method_Example2.csproj", "{2446E1BC-76E2-49FB-A46B-F0DA2F2F472A}"
EndProject
Project("{FAE04EC0-301F-11D3-BF4B-00C04F79EFBC}") = "refOutMethods", "refOutMethods\refOutMethods.csproj", "{3CEDF21F-906D-4DF0-A8DF-C494DAE7F888}"
EndProject
Project("{FAE04EC0-301F-11D3-BF4B-00C04F79EFBC}") = "paramsMethod", "paramsMethod\paramsMethod.csproj", "{0A5F0CA6-0BEE-4486-B7AA-38EDA320080A}"
EndProject
Project("{FAE04EC0-301F-11D3-BF4B-00C04F79EFBC}") = "overloading", "overloading\overloading.csproj", "{417E4D83-C968-41B8-BDBA-768D34091647}"
EndProject
Project("{FAE04EC0-301F-11D3-BF4B-00C04F79EFBC}") = "localFunction", "localFunction\localFunction.csproj", "{70A89049-A8E4-40D3-905F-62F9047EB717}"
EndProject
Project("{FAE04EC0-301F-11D3-BF4B-00C04F79EFBC}") = "methodExample_3", "methodExample_3\methodExample_3.csproj", "{0396E325-7FB3-47E2-B917-CEC1885AB586}"
EndProject
Project("{FAE04EC0-301F-11D3-BF4B-00C04F79EFBC}") = "methodExample_3.2", "methodExample_3.2\methodExample_3.2.csproj", "{7AC24FC7-DA24-41BE-95E3-5841909C5ECA}"
EndProject
Project("{FAE04EC0-301F-11D3-BF4B-00C04F79EFBC}") = "methodExample4", "methodExample4\methodExample4.csproj", "{D8372A5E-C008-440E-A9B3-CD5868ECFF88}"
EndProject
Project("{FAE04EC0-301F-11D3-BF4B-00C04F79EFBC}") = "methodExample4.2", "methodExample4.2\methodExample4.2.csproj", "{8CD98CEE-8C46-465E-88ED-B302DF32764D}"
EndProject
Project("{FAE04EC0-301F-11D3-BF4B-00C04F79EFBC}") = "methodExample5", "methodExample5\methodExample5.csproj", "{0B2E0A48-5F58-41FD-998D-041BBAE326BA}"
EndProject
Project("{FAE04EC0-301F-11D3-BF4B-00C04F79EFBC}") = "methodExample6", "methodExample6\methodExample6.csproj", "{16A7CD2E-996A-4D10-8B6C-DDCCBB3ED02B}"
EndProject
Project("{FAE04EC0-301F-11D3-BF4B-00C04F79EFBC}") = "methodExample7", "methodExample7\methodExample7.csproj", "{CE3F81FE-1F5B-4BD5-BCD0-7D4E0E043F17}"
EndProject
Project("{FAE04EC0-301F-11D3-BF4B-00C04F79EFBC}") = "methodExample8", "methodExample8\methodExample8.csproj", "{E83DFC8F-256F-4A50-A9C7-A62A5C8AC8C2}"
EndProject
Project("{FAE04EC0-301F-11D3-BF4B-00C04F79EFBC}") = "methodExample9", "methodExample9\methodExample9.csproj", "{7D8E1679-6BF4-4A02-A66B-342DF92D8FBB}"
EndProject
Project("{FAE04EC0-301F-11D3-BF4B-00C04F79EFBC}") = "methodExample10", "methodExample10\methodExample10.csproj", "{3AA2311E-6E74-4D5A-B4B2-E142C1E726AE}"
EndProject
Project("{FAE04EC0-301F-11D3-BF4B-00C04F79EFBC}") = "arrayExample3", "arrayExample3\arrayExample3.csproj", "{EE8A0744-640D-43C2-BB0B-2A84283D9751}"
EndProject
Global
	GlobalSection(SolutionConfigurationPlatforms) = preSolution
		Debug|Any CPU = Debug|Any CPU
		Release|Any CPU = Release|Any CPU
	EndGlobalSection
	GlobalSection(ProjectConfigurationPlatforms) = postSolution
		{50F54542-7532-4219-B98D-12BD47575716}.Debug|Any CPU.ActiveCfg = Debug|Any CPU
		{50F54542-7532-4219-B98D-12BD47575716}.Debug|Any CPU.Build.0 = Debug|Any CPU
		{50F54542-7532-4219-B98D-12BD47575716}.Release|Any CPU.ActiveCfg = Release|Any CPU
		{50F54542-7532-4219-B98D-12BD47575716}.Release|Any CPU.Build.0 = Release|Any CPU
		{E5E63D09-12D4-4D48-892A-38709A8F3FE0}.Debug|Any CPU.ActiveCfg = Debug|Any CPU
		{E5E63D09-12D4-4D48-892A-38709A8F3FE0}.Debug|Any CPU.Build.0 = Debug|Any CPU
		{E5E63D09-12D4-4D48-892A-38709A8F3FE0}.Release|Any CPU.ActiveCfg = Release|Any CPU
		{E5E63D09-12D4-4D48-892A-38709A8F3FE0}.Release|Any CPU.Build.0 = Release|Any CPU
		{4492FC9C-727C-4526-963A-07E6D711CF60}.Debug|Any CPU.ActiveCfg = Debug|Any CPU
		{4492FC9C-727C-4526-963A-07E6D711CF60}.Debug|Any CPU.Build.0 = Debug|Any CPU
		{4492FC9C-727C-4526-963A-07E6D711CF60}.Release|Any CPU.ActiveCfg = Release|Any CPU
		{4492FC9C-727C-4526-963A-07E6D711CF60}.Release|Any CPU.Build.0 = Release|Any CPU
		{273C6DA5-C567-4EEE-9812-A404946435C4}.Debug|Any CPU.ActiveCfg = Debug|Any CPU
		{273C6DA5-C567-4EEE-9812-A404946435C4}.Debug|Any CPU.Build.0 = Debug|Any CPU
		{273C6DA5-C567-4EEE-9812-A404946435C4}.Release|Any CPU.ActiveCfg = Release|Any CPU
		{273C6DA5-C567-4EEE-9812-A404946435C4}.Release|Any CPU.Build.0 = Release|Any CPU
		{EE6C21E3-E6A6-413F-BCC7-6B1FF4E4554D}.Debug|Any CPU.ActiveCfg = Debug|Any CPU
		{EE6C21E3-E6A6-413F-BCC7-6B1FF4E4554D}.Debug|Any CPU.Build.0 = Debug|Any CPU
		{EE6C21E3-E6A6-413F-BCC7-6B1FF4E4554D}.Release|Any CPU.ActiveCfg = Release|Any CPU
		{EE6C21E3-E6A6-413F-BCC7-6B1FF4E4554D}.Release|Any CPU.Build.0 = Release|Any CPU
		{3466C97A-8F20-469C-B71A-25DE05679F41}.Debug|Any CPU.ActiveCfg = Debug|Any CPU
		{3466C97A-8F20-469C-B71A-25DE05679F41}.Debug|Any CPU.Build.0 = Debug|Any CPU
		{3466C97A-8F20-469C-B71A-25DE05679F41}.Release|Any CPU.ActiveCfg = Release|Any CPU
		{3466C97A-8F20-469C-B71A-25DE05679F41}.Release|Any CPU.Build.0 = Release|Any CPU
		{BD4D6A98-F561-4164-9DC2-329E7F178E2B}.Debug|Any CPU.ActiveCfg = Debug|Any CPU
		{BD4D6A98-F561-4164-9DC2-329E7F178E2B}.Debug|Any CPU.Build.0 = Debug|Any CPU
		{BD4D6A98-F561-4164-9DC2-329E7F178E2B}.Release|Any CPU.ActiveCfg = Release|Any CPU
		{BD4D6A98-F561-4164-9DC2-329E7F178E2B}.Release|Any CPU.Build.0 = Release|Any CPU
		{D23774A1-22DA-47D1-B828-85CC49A0D7B2}.Debug|Any CPU.ActiveCfg = Debug|Any CPU
		{D23774A1-22DA-47D1-B828-85CC49A0D7B2}.Debug|Any CPU.Build.0 = Debug|Any CPU
		{D23774A1-22DA-47D1-B828-85CC49A0D7B2}.Release|Any CPU.ActiveCfg = Release|Any CPU
		{D23774A1-22DA-47D1-B828-85CC49A0D7B2}.Release|Any CPU.Build.0 = Release|Any CPU
		{DE9E1ACF-5BE5-4D46-B41A-690B54F0508E}.Debug|Any CPU.ActiveCfg = Debug|Any CPU
		{DE9E1ACF-5BE5-4D46-B41A-690B54F0508E}.Debug|Any CPU.Build.0 = Debug|Any CPU
		{DE9E1ACF-5BE5-4D46-B41A-690B54F0508E}.Release|Any CPU.ActiveCfg = Release|Any CPU
		{DE9E1ACF-5BE5-4D46-B41A-690B54F0508E}.Release|Any CPU.Build.0 = Release|Any CPU
		{C5EE31A1-9988-4001-A9F3-C3833FFB81A4}.Debug|Any CPU.ActiveCfg = Debug|Any CPU
		{C5EE31A1-9988-4001-A9F3-C3833FFB81A4}.Debug|Any CPU.Build.0 = Debug|Any CPU
		{C5EE31A1-9988-4001-A9F3-C3833FFB81A4}.Release|Any CPU.ActiveCfg = Release|Any CPU
		{C5EE31A1-9988-4001-A9F3-C3833FFB81A4}.Release|Any CPU.Build.0 = Release|Any CPU
		{4D0D6A41-7A27-4BAC-B86D-2B30AA7F2AF1}.Debug|Any CPU.ActiveCfg = Debug|Any CPU
		{4D0D6A41-7A27-4BAC-B86D-2B30AA7F2AF1}.Debug|Any CPU.Build.0 = Debug|Any CPU
		{4D0D6A41-7A27-4BAC-B86D-2B30AA7F2AF1}.Release|Any CPU.ActiveCfg = Release|Any CPU
		{4D0D6A41-7A27-4BAC-B86D-2B30AA7F2AF1}.Release|Any CPU.Build.0 = Release|Any CPU
		{A55F9D4F-ED71-428A-A60C-CFF584051998}.Debug|Any CPU.ActiveCfg = Debug|Any CPU
		{A55F9D4F-ED71-428A-A60C-CFF584051998}.Debug|Any CPU.Build.0 = Debug|Any CPU
		{A55F9D4F-ED71-428A-A60C-CFF584051998}.Release|Any CPU.ActiveCfg = Release|Any CPU
		{A55F9D4F-ED71-428A-A60C-CFF584051998}.Release|Any CPU.Build.0 = Release|Any CPU
		{5EB3FC54-5CC6-4BB0-8DD8-FD3EE89FE2D1}.Debug|Any CPU.ActiveCfg = Debug|Any CPU
		{5EB3FC54-5CC6-4BB0-8DD8-FD3EE89FE2D1}.Debug|Any CPU.Build.0 = Debug|Any CPU
		{5EB3FC54-5CC6-4BB0-8DD8-FD3EE89FE2D1}.Release|Any CPU.ActiveCfg = Release|Any CPU
		{5EB3FC54-5CC6-4BB0-8DD8-FD3EE89FE2D1}.Release|Any CPU.Build.0 = Release|Any CPU
		{40D0F035-1BEC-489C-8CBF-DE0120386185}.Debug|Any CPU.ActiveCfg = Debug|Any CPU
		{40D0F035-1BEC-489C-8CBF-DE0120386185}.Debug|Any CPU.Build.0 = Debug|Any CPU
		{40D0F035-1BEC-489C-8CBF-DE0120386185}.Release|Any CPU.ActiveCfg = Release|Any CPU
		{40D0F035-1BEC-489C-8CBF-DE0120386185}.Release|Any CPU.Build.0 = Release|Any CPU
		{EBE81F2E-4754-45B9-913F-CAF57F9DEC02}.Debug|Any CPU.ActiveCfg = Debug|Any CPU
		{EBE81F2E-4754-45B9-913F-CAF57F9DEC02}.Debug|Any CPU.Build.0 = Debug|Any CPU
		{EBE81F2E-4754-45B9-913F-CAF57F9DEC02}.Release|Any CPU.ActiveCfg = Release|Any CPU
		{EBE81F2E-4754-45B9-913F-CAF57F9DEC02}.Release|Any CPU.Build.0 = Release|Any CPU
		{1280594B-96CF-4C38-8C2B-34910AD16019}.Debug|Any CPU.ActiveCfg = Debug|Any CPU
		{1280594B-96CF-4C38-8C2B-34910AD16019}.Debug|Any CPU.Build.0 = Debug|Any CPU
		{1280594B-96CF-4C38-8C2B-34910AD16019}.Release|Any CPU.ActiveCfg = Release|Any CPU
		{1280594B-96CF-4C38-8C2B-34910AD16019}.Release|Any CPU.Build.0 = Release|Any CPU
		{99AFF23F-A297-4F96-BAB3-9D311D6C068B}.Debug|Any CPU.ActiveCfg = Debug|Any CPU
		{99AFF23F-A297-4F96-BAB3-9D311D6C068B}.Debug|Any CPU.Build.0 = Debug|Any CPU
		{99AFF23F-A297-4F96-BAB3-9D311D6C068B}.Release|Any CPU.ActiveCfg = Release|Any CPU
		{99AFF23F-A297-4F96-BAB3-9D311D6C068B}.Release|Any CPU.Build.0 = Release|Any CPU
		{B859B226-6BBF-46A9-BD65-9171D24F107D}.Debug|Any CPU.ActiveCfg = Debug|Any CPU
		{B859B226-6BBF-46A9-BD65-9171D24F107D}.Debug|Any CPU.Build.0 = Debug|Any CPU
		{B859B226-6BBF-46A9-BD65-9171D24F107D}.Release|Any CPU.ActiveCfg = Release|Any CPU
		{B859B226-6BBF-46A9-BD65-9171D24F107D}.Release|Any CPU.Build.0 = Release|Any CPU
		{5269EB55-75E3-4411-835D-1702D9931EE2}.Debug|Any CPU.ActiveCfg = Debug|Any CPU
		{5269EB55-75E3-4411-835D-1702D9931EE2}.Debug|Any CPU.Build.0 = Debug|Any CPU
		{5269EB55-75E3-4411-835D-1702D9931EE2}.Release|Any CPU.ActiveCfg = Release|Any CPU
		{5269EB55-75E3-4411-835D-1702D9931EE2}.Release|Any CPU.Build.0 = Release|Any CPU
		{5FB6EE67-888F-4169-9B8D-D39994FC8851}.Debug|Any CPU.ActiveCfg = Debug|Any CPU
		{5FB6EE67-888F-4169-9B8D-D39994FC8851}.Debug|Any CPU.Build.0 = Debug|Any CPU
		{5FB6EE67-888F-4169-9B8D-D39994FC8851}.Release|Any CPU.ActiveCfg = Release|Any CPU
		{5FB6EE67-888F-4169-9B8D-D39994FC8851}.Release|Any CPU.Build.0 = Release|Any CPU
		{DA792BB6-F7CC-4185-9747-AEADEEC4816A}.Debug|Any CPU.ActiveCfg = Debug|Any CPU
		{DA792BB6-F7CC-4185-9747-AEADEEC4816A}.Debug|Any CPU.Build.0 = Debug|Any CPU
		{DA792BB6-F7CC-4185-9747-AEADEEC4816A}.Release|Any CPU.ActiveCfg = Release|Any CPU
		{DA792BB6-F7CC-4185-9747-AEADEEC4816A}.Release|Any CPU.Build.0 = Release|Any CPU
		{7278A770-3F6D-4554-9397-65C85CF18B81}.Debug|Any CPU.ActiveCfg = Debug|Any CPU
		{7278A770-3F6D-4554-9397-65C85CF18B81}.Debug|Any CPU.Build.0 = Debug|Any CPU
		{7278A770-3F6D-4554-9397-65C85CF18B81}.Release|Any CPU.ActiveCfg = Release|Any CPU
		{7278A770-3F6D-4554-9397-65C85CF18B81}.Release|Any CPU.Build.0 = Release|Any CPU
		{26BA04A2-A971-424C-AF48-984C666D7FF5}.Debug|Any CPU.ActiveCfg = Debug|Any CPU
		{26BA04A2-A971-424C-AF48-984C666D7FF5}.Debug|Any CPU.Build.0 = Debug|Any CPU
		{26BA04A2-A971-424C-AF48-984C666D7FF5}.Release|Any CPU.ActiveCfg = Release|Any CPU
		{26BA04A2-A971-424C-AF48-984C666D7FF5}.Release|Any CPU.Build.0 = Release|Any CPU
		{48517CDF-95DE-4E93-9D55-0CD62A4A87FC}.Debug|Any CPU.ActiveCfg = Debug|Any CPU
		{48517CDF-95DE-4E93-9D55-0CD62A4A87FC}.Debug|Any CPU.Build.0 = Debug|Any CPU
		{48517CDF-95DE-4E93-9D55-0CD62A4A87FC}.Release|Any CPU.ActiveCfg = Release|Any CPU
		{48517CDF-95DE-4E93-9D55-0CD62A4A87FC}.Release|Any CPU.Build.0 = Release|Any CPU
		{2BD90F6F-4CAD-42C7-8FFB-7618E93A35B3}.Debug|Any CPU.ActiveCfg = Debug|Any CPU
		{2BD90F6F-4CAD-42C7-8FFB-7618E93A35B3}.Debug|Any CPU.Build.0 = Debug|Any CPU
		{2BD90F6F-4CAD-42C7-8FFB-7618E93A35B3}.Release|Any CPU.ActiveCfg = Release|Any CPU
		{2BD90F6F-4CAD-42C7-8FFB-7618E93A35B3}.Release|Any CPU.Build.0 = Release|Any CPU
		{53BA8D7A-385D-4967-8EDF-6BCA496C052A}.Debug|Any CPU.ActiveCfg = Debug|Any CPU
		{53BA8D7A-385D-4967-8EDF-6BCA496C052A}.Debug|Any CPU.Build.0 = Debug|Any CPU
		{53BA8D7A-385D-4967-8EDF-6BCA496C052A}.Release|Any CPU.ActiveCfg = Release|Any CPU
		{53BA8D7A-385D-4967-8EDF-6BCA496C052A}.Release|Any CPU.Build.0 = Release|Any CPU
		{4271651C-96ED-4B53-9DD0-1E8599BDE0A2}.Debug|Any CPU.ActiveCfg = Debug|Any CPU
		{4271651C-96ED-4B53-9DD0-1E8599BDE0A2}.Debug|Any CPU.Build.0 = Debug|Any CPU
		{4271651C-96ED-4B53-9DD0-1E8599BDE0A2}.Release|Any CPU.ActiveCfg = Release|Any CPU
		{4271651C-96ED-4B53-9DD0-1E8599BDE0A2}.Release|Any CPU.Build.0 = Release|Any CPU
		{0BAF02F3-C159-4285-BCB5-EDA9170DFD4E}.Debug|Any CPU.ActiveCfg = Debug|Any CPU
		{0BAF02F3-C159-4285-BCB5-EDA9170DFD4E}.Debug|Any CPU.Build.0 = Debug|Any CPU
		{0BAF02F3-C159-4285-BCB5-EDA9170DFD4E}.Release|Any CPU.ActiveCfg = Release|Any CPU
		{0BAF02F3-C159-4285-BCB5-EDA9170DFD4E}.Release|Any CPU.Build.0 = Release|Any CPU
		{67122768-F79E-4877-823C-216F169C67CC}.Debug|Any CPU.ActiveCfg = Debug|Any CPU
		{67122768-F79E-4877-823C-216F169C67CC}.Debug|Any CPU.Build.0 = Debug|Any CPU
		{67122768-F79E-4877-823C-216F169C67CC}.Release|Any CPU.ActiveCfg = Release|Any CPU
		{67122768-F79E-4877-823C-216F169C67CC}.Release|Any CPU.Build.0 = Release|Any CPU
		{8A45B1F4-AAE7-4F55-99B2-1074F167AB5C}.Debug|Any CPU.ActiveCfg = Debug|Any CPU
		{8A45B1F4-AAE7-4F55-99B2-1074F167AB5C}.Debug|Any CPU.Build.0 = Debug|Any CPU
		{8A45B1F4-AAE7-4F55-99B2-1074F167AB5C}.Release|Any CPU.ActiveCfg = Release|Any CPU
		{8A45B1F4-AAE7-4F55-99B2-1074F167AB5C}.Release|Any CPU.Build.0 = Release|Any CPU
		{836361E1-BDAD-4E52-A5FA-8C2E4711B1F9}.Debug|Any CPU.ActiveCfg = Debug|Any CPU
		{836361E1-BDAD-4E52-A5FA-8C2E4711B1F9}.Debug|Any CPU.Build.0 = Debug|Any CPU
		{836361E1-BDAD-4E52-A5FA-8C2E4711B1F9}.Release|Any CPU.ActiveCfg = Release|Any CPU
		{836361E1-BDAD-4E52-A5FA-8C2E4711B1F9}.Release|Any CPU.Build.0 = Release|Any CPU
		{F344DE7C-595F-4043-8E30-A6BB26B6003E}.Debug|Any CPU.ActiveCfg = Debug|Any CPU
		{F344DE7C-595F-4043-8E30-A6BB26B6003E}.Debug|Any CPU.Build.0 = Debug|Any CPU
		{F344DE7C-595F-4043-8E30-A6BB26B6003E}.Release|Any CPU.ActiveCfg = Release|Any CPU
		{F344DE7C-595F-4043-8E30-A6BB26B6003E}.Release|Any CPU.Build.0 = Release|Any CPU
		{720BF3D8-A32C-4980-BC48-E3DFFE85B5DC}.Debug|Any CPU.ActiveCfg = Debug|Any CPU
		{720BF3D8-A32C-4980-BC48-E3DFFE85B5DC}.Debug|Any CPU.Build.0 = Debug|Any CPU
		{720BF3D8-A32C-4980-BC48-E3DFFE85B5DC}.Release|Any CPU.ActiveCfg = Release|Any CPU
		{720BF3D8-A32C-4980-BC48-E3DFFE85B5DC}.Release|Any CPU.Build.0 = Release|Any CPU
		{B0692C5F-AF84-4068-A397-A7D463739433}.Debug|Any CPU.ActiveCfg = Debug|Any CPU
		{B0692C5F-AF84-4068-A397-A7D463739433}.Debug|Any CPU.Build.0 = Debug|Any CPU
		{B0692C5F-AF84-4068-A397-A7D463739433}.Release|Any CPU.ActiveCfg = Release|Any CPU
		{B0692C5F-AF84-4068-A397-A7D463739433}.Release|Any CPU.Build.0 = Release|Any CPU
		{900DE026-91DF-4787-8E21-A6D71D09C2D9}.Debug|Any CPU.ActiveCfg = Debug|Any CPU
		{900DE026-91DF-4787-8E21-A6D71D09C2D9}.Debug|Any CPU.Build.0 = Debug|Any CPU
		{900DE026-91DF-4787-8E21-A6D71D09C2D9}.Release|Any CPU.ActiveCfg = Release|Any CPU
		{900DE026-91DF-4787-8E21-A6D71D09C2D9}.Release|Any CPU.Build.0 = Release|Any CPU
		{8C2B693E-7E19-4A3D-AF25-0B1ACC4F8CC8}.Debug|Any CPU.ActiveCfg = Debug|Any CPU
		{8C2B693E-7E19-4A3D-AF25-0B1ACC4F8CC8}.Debug|Any CPU.Build.0 = Debug|Any CPU
		{8C2B693E-7E19-4A3D-AF25-0B1ACC4F8CC8}.Release|Any CPU.ActiveCfg = Release|Any CPU
		{8C2B693E-7E19-4A3D-AF25-0B1ACC4F8CC8}.Release|Any CPU.Build.0 = Release|Any CPU
		{246E0CDE-429C-4152-BE5C-DC58B8AAD76D}.Debug|Any CPU.ActiveCfg = Debug|Any CPU
		{246E0CDE-429C-4152-BE5C-DC58B8AAD76D}.Debug|Any CPU.Build.0 = Debug|Any CPU
		{246E0CDE-429C-4152-BE5C-DC58B8AAD76D}.Release|Any CPU.ActiveCfg = Release|Any CPU
		{246E0CDE-429C-4152-BE5C-DC58B8AAD76D}.Release|Any CPU.Build.0 = Release|Any CPU
		{B2F18473-E21D-4DE2-87FE-222AF534E2B4}.Debug|Any CPU.ActiveCfg = Debug|Any CPU
		{B2F18473-E21D-4DE2-87FE-222AF534E2B4}.Debug|Any CPU.Build.0 = Debug|Any CPU
		{B2F18473-E21D-4DE2-87FE-222AF534E2B4}.Release|Any CPU.ActiveCfg = Release|Any CPU
		{B2F18473-E21D-4DE2-87FE-222AF534E2B4}.Release|Any CPU.Build.0 = Release|Any CPU
		{511BDBEC-615D-43A0-AFC4-04BDFECF869A}.Debug|Any CPU.ActiveCfg = Debug|Any CPU
		{511BDBEC-615D-43A0-AFC4-04BDFECF869A}.Debug|Any CPU.Build.0 = Debug|Any CPU
		{511BDBEC-615D-43A0-AFC4-04BDFECF869A}.Release|Any CPU.ActiveCfg = Release|Any CPU
		{511BDBEC-615D-43A0-AFC4-04BDFECF869A}.Release|Any CPU.Build.0 = Release|Any CPU
		{DFB30D70-7147-4F10-88E8-BF3F733B0E67}.Debug|Any CPU.ActiveCfg = Debug|Any CPU
		{DFB30D70-7147-4F10-88E8-BF3F733B0E67}.Debug|Any CPU.Build.0 = Debug|Any CPU
		{DFB30D70-7147-4F10-88E8-BF3F733B0E67}.Release|Any CPU.ActiveCfg = Release|Any CPU
		{DFB30D70-7147-4F10-88E8-BF3F733B0E67}.Release|Any CPU.Build.0 = Release|Any CPU
		{12323BD0-46D7-48BF-8CA7-418A44BBA4AE}.Debug|Any CPU.ActiveCfg = Debug|Any CPU
		{12323BD0-46D7-48BF-8CA7-418A44BBA4AE}.Debug|Any CPU.Build.0 = Debug|Any CPU
		{12323BD0-46D7-48BF-8CA7-418A44BBA4AE}.Release|Any CPU.ActiveCfg = Release|Any CPU
		{12323BD0-46D7-48BF-8CA7-418A44BBA4AE}.Release|Any CPU.Build.0 = Release|Any CPU
		{44B07C18-D66C-4593-BB0D-F18508CCC531}.Debug|Any CPU.ActiveCfg = Debug|Any CPU
		{44B07C18-D66C-4593-BB0D-F18508CCC531}.Debug|Any CPU.Build.0 = Debug|Any CPU
		{44B07C18-D66C-4593-BB0D-F18508CCC531}.Release|Any CPU.ActiveCfg = Release|Any CPU
		{44B07C18-D66C-4593-BB0D-F18508CCC531}.Release|Any CPU.Build.0 = Release|Any CPU
		{0BC5FFE2-A738-4FBD-862C-ADC6CC77C425}.Debug|Any CPU.ActiveCfg = Debug|Any CPU
		{0BC5FFE2-A738-4FBD-862C-ADC6CC77C425}.Debug|Any CPU.Build.0 = Debug|Any CPU
		{0BC5FFE2-A738-4FBD-862C-ADC6CC77C425}.Release|Any CPU.ActiveCfg = Release|Any CPU
		{0BC5FFE2-A738-4FBD-862C-ADC6CC77C425}.Release|Any CPU.Build.0 = Release|Any CPU
		{B5805C3E-43A0-4987-A7D7-2434ADAA11D8}.Debug|Any CPU.ActiveCfg = Debug|Any CPU
		{B5805C3E-43A0-4987-A7D7-2434ADAA11D8}.Debug|Any CPU.Build.0 = Debug|Any CPU
		{B5805C3E-43A0-4987-A7D7-2434ADAA11D8}.Release|Any CPU.ActiveCfg = Release|Any CPU
		{B5805C3E-43A0-4987-A7D7-2434ADAA11D8}.Release|Any CPU.Build.0 = Release|Any CPU
		{14EA00EF-DB23-4C49-BD5C-604FE7E35229}.Debug|Any CPU.ActiveCfg = Debug|Any CPU
		{14EA00EF-DB23-4C49-BD5C-604FE7E35229}.Debug|Any CPU.Build.0 = Debug|Any CPU
		{14EA00EF-DB23-4C49-BD5C-604FE7E35229}.Release|Any CPU.ActiveCfg = Release|Any CPU
		{14EA00EF-DB23-4C49-BD5C-604FE7E35229}.Release|Any CPU.Build.0 = Release|Any CPU
		{DEA8C88A-BA45-4C42-9B74-AE6329A82A73}.Debug|Any CPU.ActiveCfg = Debug|Any CPU
		{DEA8C88A-BA45-4C42-9B74-AE6329A82A73}.Debug|Any CPU.Build.0 = Debug|Any CPU
		{DEA8C88A-BA45-4C42-9B74-AE6329A82A73}.Release|Any CPU.ActiveCfg = Release|Any CPU
		{DEA8C88A-BA45-4C42-9B74-AE6329A82A73}.Release|Any CPU.Build.0 = Release|Any CPU
		{1F08B9E0-7326-45F5-A3DC-6D5B4191DD08}.Debug|Any CPU.ActiveCfg = Debug|Any CPU
		{1F08B9E0-7326-45F5-A3DC-6D5B4191DD08}.Debug|Any CPU.Build.0 = Debug|Any CPU
		{1F08B9E0-7326-45F5-A3DC-6D5B4191DD08}.Release|Any CPU.ActiveCfg = Release|Any CPU
		{1F08B9E0-7326-45F5-A3DC-6D5B4191DD08}.Release|Any CPU.Build.0 = Release|Any CPU
		{7FA8AEE0-8228-4404-A045-130DAF4DE665}.Debug|Any CPU.ActiveCfg = Debug|Any CPU
		{7FA8AEE0-8228-4404-A045-130DAF4DE665}.Debug|Any CPU.Build.0 = Debug|Any CPU
		{7FA8AEE0-8228-4404-A045-130DAF4DE665}.Release|Any CPU.ActiveCfg = Release|Any CPU
		{7FA8AEE0-8228-4404-A045-130DAF4DE665}.Release|Any CPU.Build.0 = Release|Any CPU
		{66A2E3AF-9DC7-4D25-8B49-D151F02FA488}.Debug|Any CPU.ActiveCfg = Debug|Any CPU
		{66A2E3AF-9DC7-4D25-8B49-D151F02FA488}.Debug|Any CPU.Build.0 = Debug|Any CPU
		{66A2E3AF-9DC7-4D25-8B49-D151F02FA488}.Release|Any CPU.ActiveCfg = Release|Any CPU
		{66A2E3AF-9DC7-4D25-8B49-D151F02FA488}.Release|Any CPU.Build.0 = Release|Any CPU
		{AE69EC87-97C4-4B52-AE3D-4BD7E00801D3}.Debug|Any CPU.ActiveCfg = Debug|Any CPU
		{AE69EC87-97C4-4B52-AE3D-4BD7E00801D3}.Debug|Any CPU.Build.0 = Debug|Any CPU
		{AE69EC87-97C4-4B52-AE3D-4BD7E00801D3}.Release|Any CPU.ActiveCfg = Release|Any CPU
		{AE69EC87-97C4-4B52-AE3D-4BD7E00801D3}.Release|Any CPU.Build.0 = Release|Any CPU
		{A276CA46-6E51-40C5-A462-7064E707E2D0}.Debug|Any CPU.ActiveCfg = Debug|Any CPU
		{A276CA46-6E51-40C5-A462-7064E707E2D0}.Debug|Any CPU.Build.0 = Debug|Any CPU
		{A276CA46-6E51-40C5-A462-7064E707E2D0}.Release|Any CPU.ActiveCfg = Release|Any CPU
		{A276CA46-6E51-40C5-A462-7064E707E2D0}.Release|Any CPU.Build.0 = Release|Any CPU
		{69BB6F9E-E8B0-47E3-B1C0-853789E3CEA3}.Debug|Any CPU.ActiveCfg = Debug|Any CPU
		{69BB6F9E-E8B0-47E3-B1C0-853789E3CEA3}.Debug|Any CPU.Build.0 = Debug|Any CPU
		{69BB6F9E-E8B0-47E3-B1C0-853789E3CEA3}.Release|Any CPU.ActiveCfg = Release|Any CPU
		{69BB6F9E-E8B0-47E3-B1C0-853789E3CEA3}.Release|Any CPU.Build.0 = Release|Any CPU
		{D0936CC8-6D52-427F-A170-FA178689031A}.Debug|Any CPU.ActiveCfg = Debug|Any CPU
		{D0936CC8-6D52-427F-A170-FA178689031A}.Debug|Any CPU.Build.0 = Debug|Any CPU
		{D0936CC8-6D52-427F-A170-FA178689031A}.Release|Any CPU.ActiveCfg = Release|Any CPU
		{D0936CC8-6D52-427F-A170-FA178689031A}.Release|Any CPU.Build.0 = Release|Any CPU
		{93A70444-6FA3-407B-B068-F89273377760}.Debug|Any CPU.ActiveCfg = Debug|Any CPU
		{93A70444-6FA3-407B-B068-F89273377760}.Debug|Any CPU.Build.0 = Debug|Any CPU
		{93A70444-6FA3-407B-B068-F89273377760}.Release|Any CPU.ActiveCfg = Release|Any CPU
		{93A70444-6FA3-407B-B068-F89273377760}.Release|Any CPU.Build.0 = Release|Any CPU
		{D7DEE093-5B08-4986-AB28-BA6117FDABDB}.Debug|Any CPU.ActiveCfg = Debug|Any CPU
		{D7DEE093-5B08-4986-AB28-BA6117FDABDB}.Debug|Any CPU.Build.0 = Debug|Any CPU
		{D7DEE093-5B08-4986-AB28-BA6117FDABDB}.Release|Any CPU.ActiveCfg = Release|Any CPU
		{D7DEE093-5B08-4986-AB28-BA6117FDABDB}.Release|Any CPU.Build.0 = Release|Any CPU
		{02C110AA-0028-4951-8E6C-2F2AE69CE2C5}.Debug|Any CPU.ActiveCfg = Debug|Any CPU
		{02C110AA-0028-4951-8E6C-2F2AE69CE2C5}.Debug|Any CPU.Build.0 = Debug|Any CPU
		{02C110AA-0028-4951-8E6C-2F2AE69CE2C5}.Release|Any CPU.ActiveCfg = Release|Any CPU
		{02C110AA-0028-4951-8E6C-2F2AE69CE2C5}.Release|Any CPU.Build.0 = Release|Any CPU
		{E596B9A1-5E68-42C7-998D-035BC27A3AA5}.Debug|Any CPU.ActiveCfg = Debug|Any CPU
		{E596B9A1-5E68-42C7-998D-035BC27A3AA5}.Debug|Any CPU.Build.0 = Debug|Any CPU
		{E596B9A1-5E68-42C7-998D-035BC27A3AA5}.Release|Any CPU.ActiveCfg = Release|Any CPU
		{E596B9A1-5E68-42C7-998D-035BC27A3AA5}.Release|Any CPU.Build.0 = Release|Any CPU
		{1B5A1B4C-A5A1-487B-BB78-D1BB49C322FC}.Debug|Any CPU.ActiveCfg = Debug|Any CPU
		{1B5A1B4C-A5A1-487B-BB78-D1BB49C322FC}.Debug|Any CPU.Build.0 = Debug|Any CPU
		{1B5A1B4C-A5A1-487B-BB78-D1BB49C322FC}.Release|Any CPU.ActiveCfg = Release|Any CPU
		{1B5A1B4C-A5A1-487B-BB78-D1BB49C322FC}.Release|Any CPU.Build.0 = Release|Any CPU
		{65A7777D-6458-413C-A033-782ED44515AB}.Debug|Any CPU.ActiveCfg = Debug|Any CPU
		{65A7777D-6458-413C-A033-782ED44515AB}.Debug|Any CPU.Build.0 = Debug|Any CPU
		{65A7777D-6458-413C-A033-782ED44515AB}.Release|Any CPU.ActiveCfg = Release|Any CPU
		{65A7777D-6458-413C-A033-782ED44515AB}.Release|Any CPU.Build.0 = Release|Any CPU
		{BB11E0B6-29D3-41C2-B237-30278400FF32}.Debug|Any CPU.ActiveCfg = Debug|Any CPU
		{BB11E0B6-29D3-41C2-B237-30278400FF32}.Debug|Any CPU.Build.0 = Debug|Any CPU
		{BB11E0B6-29D3-41C2-B237-30278400FF32}.Release|Any CPU.ActiveCfg = Release|Any CPU
		{BB11E0B6-29D3-41C2-B237-30278400FF32}.Release|Any CPU.Build.0 = Release|Any CPU
		{1CFC08A2-63A4-45AD-90AE-D8007304AAA5}.Debug|Any CPU.ActiveCfg = Debug|Any CPU
		{1CFC08A2-63A4-45AD-90AE-D8007304AAA5}.Debug|Any CPU.Build.0 = Debug|Any CPU
		{1CFC08A2-63A4-45AD-90AE-D8007304AAA5}.Release|Any CPU.ActiveCfg = Release|Any CPU
		{1CFC08A2-63A4-45AD-90AE-D8007304AAA5}.Release|Any CPU.Build.0 = Release|Any CPU
		{8EA36CF9-D0CA-4AC2-9326-D2746D05E951}.Debug|Any CPU.ActiveCfg = Debug|Any CPU
		{8EA36CF9-D0CA-4AC2-9326-D2746D05E951}.Debug|Any CPU.Build.0 = Debug|Any CPU
		{8EA36CF9-D0CA-4AC2-9326-D2746D05E951}.Release|Any CPU.ActiveCfg = Release|Any CPU
		{8EA36CF9-D0CA-4AC2-9326-D2746D05E951}.Release|Any CPU.Build.0 = Release|Any CPU
		{642BE958-9586-432D-AD77-00C19DCD625B}.Debug|Any CPU.ActiveCfg = Debug|Any CPU
		{642BE958-9586-432D-AD77-00C19DCD625B}.Debug|Any CPU.Build.0 = Debug|Any CPU
		{642BE958-9586-432D-AD77-00C19DCD625B}.Release|Any CPU.ActiveCfg = Release|Any CPU
		{642BE958-9586-432D-AD77-00C19DCD625B}.Release|Any CPU.Build.0 = Release|Any CPU
		{EAC9673C-7495-481E-9A0F-7DE718C6E627}.Debug|Any CPU.ActiveCfg = Debug|Any CPU
		{EAC9673C-7495-481E-9A0F-7DE718C6E627}.Debug|Any CPU.Build.0 = Debug|Any CPU
		{EAC9673C-7495-481E-9A0F-7DE718C6E627}.Release|Any CPU.ActiveCfg = Release|Any CPU
		{EAC9673C-7495-481E-9A0F-7DE718C6E627}.Release|Any CPU.Build.0 = Release|Any CPU
		{03C01736-0717-4916-9944-ED8CA9E3465B}.Debug|Any CPU.ActiveCfg = Debug|Any CPU
		{03C01736-0717-4916-9944-ED8CA9E3465B}.Debug|Any CPU.Build.0 = Debug|Any CPU
		{03C01736-0717-4916-9944-ED8CA9E3465B}.Release|Any CPU.ActiveCfg = Release|Any CPU
		{03C01736-0717-4916-9944-ED8CA9E3465B}.Release|Any CPU.Build.0 = Release|Any CPU
		{7BC03512-C791-4953-89D1-8D7B7C8BDEF4}.Debug|Any CPU.ActiveCfg = Debug|Any CPU
		{7BC03512-C791-4953-89D1-8D7B7C8BDEF4}.Debug|Any CPU.Build.0 = Debug|Any CPU
		{7BC03512-C791-4953-89D1-8D7B7C8BDEF4}.Release|Any CPU.ActiveCfg = Release|Any CPU
		{7BC03512-C791-4953-89D1-8D7B7C8BDEF4}.Release|Any CPU.Build.0 = Release|Any CPU
		{364A400B-F178-402B-BFBD-2E70BFA67FC7}.Debug|Any CPU.ActiveCfg = Debug|Any CPU
		{364A400B-F178-402B-BFBD-2E70BFA67FC7}.Debug|Any CPU.Build.0 = Debug|Any CPU
		{364A400B-F178-402B-BFBD-2E70BFA67FC7}.Release|Any CPU.ActiveCfg = Release|Any CPU
		{364A400B-F178-402B-BFBD-2E70BFA67FC7}.Release|Any CPU.Build.0 = Release|Any CPU
		{3ABC8711-6178-4922-ACFB-6FE4DCF8B6EB}.Debug|Any CPU.ActiveCfg = Debug|Any CPU
		{3ABC8711-6178-4922-ACFB-6FE4DCF8B6EB}.Debug|Any CPU.Build.0 = Debug|Any CPU
		{3ABC8711-6178-4922-ACFB-6FE4DCF8B6EB}.Release|Any CPU.ActiveCfg = Release|Any CPU
		{3ABC8711-6178-4922-ACFB-6FE4DCF8B6EB}.Release|Any CPU.Build.0 = Release|Any CPU
		{64040864-82A2-4E59-982B-FA8F8BD628BE}.Debug|Any CPU.ActiveCfg = Debug|Any CPU
		{64040864-82A2-4E59-982B-FA8F8BD628BE}.Debug|Any CPU.Build.0 = Debug|Any CPU
		{64040864-82A2-4E59-982B-FA8F8BD628BE}.Release|Any CPU.ActiveCfg = Release|Any CPU
		{64040864-82A2-4E59-982B-FA8F8BD628BE}.Release|Any CPU.Build.0 = Release|Any CPU
		{574B4E3A-C962-47C2-AB76-CFF9EC67DD9B}.Debug|Any CPU.ActiveCfg = Debug|Any CPU
		{574B4E3A-C962-47C2-AB76-CFF9EC67DD9B}.Debug|Any CPU.Build.0 = Debug|Any CPU
		{574B4E3A-C962-47C2-AB76-CFF9EC67DD9B}.Release|Any CPU.ActiveCfg = Release|Any CPU
		{574B4E3A-C962-47C2-AB76-CFF9EC67DD9B}.Release|Any CPU.Build.0 = Release|Any CPU
		{7D36CE00-543C-4420-8C8E-60A1351ED1BB}.Debug|Any CPU.ActiveCfg = Debug|Any CPU
		{7D36CE00-543C-4420-8C8E-60A1351ED1BB}.Debug|Any CPU.Build.0 = Debug|Any CPU
		{7D36CE00-543C-4420-8C8E-60A1351ED1BB}.Release|Any CPU.ActiveCfg = Release|Any CPU
		{7D36CE00-543C-4420-8C8E-60A1351ED1BB}.Release|Any CPU.Build.0 = Release|Any CPU
		{0A21E92B-0F0D-4FE6-8D72-1109F6DBFF16}.Debug|Any CPU.ActiveCfg = Debug|Any CPU
		{0A21E92B-0F0D-4FE6-8D72-1109F6DBFF16}.Debug|Any CPU.Build.0 = Debug|Any CPU
		{0A21E92B-0F0D-4FE6-8D72-1109F6DBFF16}.Release|Any CPU.ActiveCfg = Release|Any CPU
		{0A21E92B-0F0D-4FE6-8D72-1109F6DBFF16}.Release|Any CPU.Build.0 = Release|Any CPU
		{2E07C1FD-62F7-4C67-8847-72364FE5927C}.Debug|Any CPU.ActiveCfg = Debug|Any CPU
		{2E07C1FD-62F7-4C67-8847-72364FE5927C}.Debug|Any CPU.Build.0 = Debug|Any CPU
		{2E07C1FD-62F7-4C67-8847-72364FE5927C}.Release|Any CPU.ActiveCfg = Release|Any CPU
		{2E07C1FD-62F7-4C67-8847-72364FE5927C}.Release|Any CPU.Build.0 = Release|Any CPU
		{99E18263-DEEC-4F4F-BFB1-D3F08F874C07}.Debug|Any CPU.ActiveCfg = Debug|Any CPU
		{99E18263-DEEC-4F4F-BFB1-D3F08F874C07}.Debug|Any CPU.Build.0 = Debug|Any CPU
		{99E18263-DEEC-4F4F-BFB1-D3F08F874C07}.Release|Any CPU.ActiveCfg = Release|Any CPU
		{99E18263-DEEC-4F4F-BFB1-D3F08F874C07}.Release|Any CPU.Build.0 = Release|Any CPU
		{DD830CC4-658C-4DF1-86B0-42277CB53429}.Debug|Any CPU.ActiveCfg = Debug|Any CPU
		{DD830CC4-658C-4DF1-86B0-42277CB53429}.Debug|Any CPU.Build.0 = Debug|Any CPU
		{DD830CC4-658C-4DF1-86B0-42277CB53429}.Release|Any CPU.ActiveCfg = Release|Any CPU
		{DD830CC4-658C-4DF1-86B0-42277CB53429}.Release|Any CPU.Build.0 = Release|Any CPU
		{CB8F4B47-5793-4B7F-A02B-6538F7C9C6AC}.Debug|Any CPU.ActiveCfg = Debug|Any CPU
		{CB8F4B47-5793-4B7F-A02B-6538F7C9C6AC}.Debug|Any CPU.Build.0 = Debug|Any CPU
		{CB8F4B47-5793-4B7F-A02B-6538F7C9C6AC}.Release|Any CPU.ActiveCfg = Release|Any CPU
		{CB8F4B47-5793-4B7F-A02B-6538F7C9C6AC}.Release|Any CPU.Build.0 = Release|Any CPU
		{81A4CD21-45DB-4BBC-BF15-E620897B511D}.Debug|Any CPU.ActiveCfg = Debug|Any CPU
		{81A4CD21-45DB-4BBC-BF15-E620897B511D}.Debug|Any CPU.Build.0 = Debug|Any CPU
		{81A4CD21-45DB-4BBC-BF15-E620897B511D}.Release|Any CPU.ActiveCfg = Release|Any CPU
		{81A4CD21-45DB-4BBC-BF15-E620897B511D}.Release|Any CPU.Build.0 = Release|Any CPU
		{D49379E3-04D4-482E-B636-84F14E55FD46}.Debug|Any CPU.ActiveCfg = Debug|Any CPU
		{D49379E3-04D4-482E-B636-84F14E55FD46}.Debug|Any CPU.Build.0 = Debug|Any CPU
		{D49379E3-04D4-482E-B636-84F14E55FD46}.Release|Any CPU.ActiveCfg = Release|Any CPU
		{D49379E3-04D4-482E-B636-84F14E55FD46}.Release|Any CPU.Build.0 = Release|Any CPU
		{A5161A03-C0C6-4529-B1EA-494C0EAF37C7}.Debug|Any CPU.ActiveCfg = Debug|Any CPU
		{A5161A03-C0C6-4529-B1EA-494C0EAF37C7}.Debug|Any CPU.Build.0 = Debug|Any CPU
		{A5161A03-C0C6-4529-B1EA-494C0EAF37C7}.Release|Any CPU.ActiveCfg = Release|Any CPU
		{A5161A03-C0C6-4529-B1EA-494C0EAF37C7}.Release|Any CPU.Build.0 = Release|Any CPU
		{F1081292-B0DD-46A3-81E5-7838D3A450FE}.Debug|Any CPU.ActiveCfg = Debug|Any CPU
		{F1081292-B0DD-46A3-81E5-7838D3A450FE}.Debug|Any CPU.Build.0 = Debug|Any CPU
		{F1081292-B0DD-46A3-81E5-7838D3A450FE}.Release|Any CPU.ActiveCfg = Release|Any CPU
		{F1081292-B0DD-46A3-81E5-7838D3A450FE}.Release|Any CPU.Build.0 = Release|Any CPU
		{60EB21ED-FE74-4B66-8CA0-AAFB40A7E2CA}.Debug|Any CPU.ActiveCfg = Debug|Any CPU
		{60EB21ED-FE74-4B66-8CA0-AAFB40A7E2CA}.Debug|Any CPU.Build.0 = Debug|Any CPU
		{60EB21ED-FE74-4B66-8CA0-AAFB40A7E2CA}.Release|Any CPU.ActiveCfg = Release|Any CPU
		{60EB21ED-FE74-4B66-8CA0-AAFB40A7E2CA}.Release|Any CPU.Build.0 = Release|Any CPU
		{1F03D669-3D8D-4464-B35D-010920C3ABAC}.Debug|Any CPU.ActiveCfg = Debug|Any CPU
		{1F03D669-3D8D-4464-B35D-010920C3ABAC}.Debug|Any CPU.Build.0 = Debug|Any CPU
		{1F03D669-3D8D-4464-B35D-010920C3ABAC}.Release|Any CPU.ActiveCfg = Release|Any CPU
		{1F03D669-3D8D-4464-B35D-010920C3ABAC}.Release|Any CPU.Build.0 = Release|Any CPU
		{41DAD0F2-4899-4C7F-A8C3-FEC19B2600B6}.Debug|Any CPU.ActiveCfg = Debug|Any CPU
		{41DAD0F2-4899-4C7F-A8C3-FEC19B2600B6}.Debug|Any CPU.Build.0 = Debug|Any CPU
		{41DAD0F2-4899-4C7F-A8C3-FEC19B2600B6}.Release|Any CPU.ActiveCfg = Release|Any CPU
		{41DAD0F2-4899-4C7F-A8C3-FEC19B2600B6}.Release|Any CPU.Build.0 = Release|Any CPU
		{00890DF5-C7D5-4804-BC9D-371F5CF46BE7}.Debug|Any CPU.ActiveCfg = Debug|Any CPU
		{00890DF5-C7D5-4804-BC9D-371F5CF46BE7}.Debug|Any CPU.Build.0 = Debug|Any CPU
		{00890DF5-C7D5-4804-BC9D-371F5CF46BE7}.Release|Any CPU.ActiveCfg = Release|Any CPU
		{00890DF5-C7D5-4804-BC9D-371F5CF46BE7}.Release|Any CPU.Build.0 = Release|Any CPU
		{ADE6407C-F7C8-4C2E-8FC7-5A8381C62659}.Debug|Any CPU.ActiveCfg = Debug|Any CPU
		{ADE6407C-F7C8-4C2E-8FC7-5A8381C62659}.Debug|Any CPU.Build.0 = Debug|Any CPU
		{ADE6407C-F7C8-4C2E-8FC7-5A8381C62659}.Release|Any CPU.ActiveCfg = Release|Any CPU
		{ADE6407C-F7C8-4C2E-8FC7-5A8381C62659}.Release|Any CPU.Build.0 = Release|Any CPU
		{DA3FD390-E393-4565-A059-D27D573DEAA1}.Debug|Any CPU.ActiveCfg = Debug|Any CPU
		{DA3FD390-E393-4565-A059-D27D573DEAA1}.Debug|Any CPU.Build.0 = Debug|Any CPU
		{DA3FD390-E393-4565-A059-D27D573DEAA1}.Release|Any CPU.ActiveCfg = Release|Any CPU
		{DA3FD390-E393-4565-A059-D27D573DEAA1}.Release|Any CPU.Build.0 = Release|Any CPU
		{52C3D785-24E6-4B99-9F87-AABFE45B6437}.Debug|Any CPU.ActiveCfg = Debug|Any CPU
		{52C3D785-24E6-4B99-9F87-AABFE45B6437}.Debug|Any CPU.Build.0 = Debug|Any CPU
		{52C3D785-24E6-4B99-9F87-AABFE45B6437}.Release|Any CPU.ActiveCfg = Release|Any CPU
		{52C3D785-24E6-4B99-9F87-AABFE45B6437}.Release|Any CPU.Build.0 = Release|Any CPU
		{DB3081E0-DC2A-4418-B77E-C79CDDA30BB4}.Debug|Any CPU.ActiveCfg = Debug|Any CPU
		{DB3081E0-DC2A-4418-B77E-C79CDDA30BB4}.Debug|Any CPU.Build.0 = Debug|Any CPU
		{DB3081E0-DC2A-4418-B77E-C79CDDA30BB4}.Release|Any CPU.ActiveCfg = Release|Any CPU
		{DB3081E0-DC2A-4418-B77E-C79CDDA30BB4}.Release|Any CPU.Build.0 = Release|Any CPU
		{7BB4222D-DD09-4789-8E6E-A59DEBBCB00F}.Debug|Any CPU.ActiveCfg = Debug|Any CPU
		{7BB4222D-DD09-4789-8E6E-A59DEBBCB00F}.Debug|Any CPU.Build.0 = Debug|Any CPU
		{7BB4222D-DD09-4789-8E6E-A59DEBBCB00F}.Release|Any CPU.ActiveCfg = Release|Any CPU
		{7BB4222D-DD09-4789-8E6E-A59DEBBCB00F}.Release|Any CPU.Build.0 = Release|Any CPU
		{46686476-77CA-44F9-A409-77BCC116B7A2}.Debug|Any CPU.ActiveCfg = Debug|Any CPU
		{46686476-77CA-44F9-A409-77BCC116B7A2}.Debug|Any CPU.Build.0 = Debug|Any CPU
		{46686476-77CA-44F9-A409-77BCC116B7A2}.Release|Any CPU.ActiveCfg = Release|Any CPU
		{46686476-77CA-44F9-A409-77BCC116B7A2}.Release|Any CPU.Build.0 = Release|Any CPU
		{CFD103C5-089E-44DF-B9B6-A991BD5CDD96}.Debug|Any CPU.ActiveCfg = Debug|Any CPU
		{CFD103C5-089E-44DF-B9B6-A991BD5CDD96}.Debug|Any CPU.Build.0 = Debug|Any CPU
		{CFD103C5-089E-44DF-B9B6-A991BD5CDD96}.Release|Any CPU.ActiveCfg = Release|Any CPU
		{CFD103C5-089E-44DF-B9B6-A991BD5CDD96}.Release|Any CPU.Build.0 = Release|Any CPU
		{8AD63518-6560-414A-B79C-42A43FB37FD5}.Debug|Any CPU.ActiveCfg = Debug|Any CPU
		{8AD63518-6560-414A-B79C-42A43FB37FD5}.Debug|Any CPU.Build.0 = Debug|Any CPU
		{8AD63518-6560-414A-B79C-42A43FB37FD5}.Release|Any CPU.ActiveCfg = Release|Any CPU
		{8AD63518-6560-414A-B79C-42A43FB37FD5}.Release|Any CPU.Build.0 = Release|Any CPU
		{78020B08-06DF-47C1-8325-FE4214E195BB}.Debug|Any CPU.ActiveCfg = Debug|Any CPU
		{78020B08-06DF-47C1-8325-FE4214E195BB}.Debug|Any CPU.Build.0 = Debug|Any CPU
		{78020B08-06DF-47C1-8325-FE4214E195BB}.Release|Any CPU.ActiveCfg = Release|Any CPU
		{78020B08-06DF-47C1-8325-FE4214E195BB}.Release|Any CPU.Build.0 = Release|Any CPU
		{E25B5BD3-D0E3-4F5E-9B21-61A2ED1EF139}.Debug|Any CPU.ActiveCfg = Debug|Any CPU
		{E25B5BD3-D0E3-4F5E-9B21-61A2ED1EF139}.Debug|Any CPU.Build.0 = Debug|Any CPU
		{E25B5BD3-D0E3-4F5E-9B21-61A2ED1EF139}.Release|Any CPU.ActiveCfg = Release|Any CPU
		{E25B5BD3-D0E3-4F5E-9B21-61A2ED1EF139}.Release|Any CPU.Build.0 = Release|Any CPU
		{D8944D7F-6554-477A-B636-A667759A9B90}.Debug|Any CPU.ActiveCfg = Debug|Any CPU
		{D8944D7F-6554-477A-B636-A667759A9B90}.Debug|Any CPU.Build.0 = Debug|Any CPU
		{D8944D7F-6554-477A-B636-A667759A9B90}.Release|Any CPU.ActiveCfg = Release|Any CPU
		{D8944D7F-6554-477A-B636-A667759A9B90}.Release|Any CPU.Build.0 = Release|Any CPU
		{7027A586-78A5-414C-9597-C25780D86AF1}.Debug|Any CPU.ActiveCfg = Debug|Any CPU
		{7027A586-78A5-414C-9597-C25780D86AF1}.Debug|Any CPU.Build.0 = Debug|Any CPU
		{7027A586-78A5-414C-9597-C25780D86AF1}.Release|Any CPU.ActiveCfg = Release|Any CPU
		{7027A586-78A5-414C-9597-C25780D86AF1}.Release|Any CPU.Build.0 = Release|Any CPU
		{F7C95CE5-C51B-4DB8-8F51-9F16F204A20B}.Debug|Any CPU.ActiveCfg = Debug|Any CPU
		{F7C95CE5-C51B-4DB8-8F51-9F16F204A20B}.Debug|Any CPU.Build.0 = Debug|Any CPU
		{F7C95CE5-C51B-4DB8-8F51-9F16F204A20B}.Release|Any CPU.ActiveCfg = Release|Any CPU
		{F7C95CE5-C51B-4DB8-8F51-9F16F204A20B}.Release|Any CPU.Build.0 = Release|Any CPU
		{B7C01F0F-4597-4D93-B38C-DC06D1A5346B}.Debug|Any CPU.ActiveCfg = Debug|Any CPU
		{B7C01F0F-4597-4D93-B38C-DC06D1A5346B}.Debug|Any CPU.Build.0 = Debug|Any CPU
		{B7C01F0F-4597-4D93-B38C-DC06D1A5346B}.Release|Any CPU.ActiveCfg = Release|Any CPU
		{B7C01F0F-4597-4D93-B38C-DC06D1A5346B}.Release|Any CPU.Build.0 = Release|Any CPU
		{761629F3-48D0-4646-9949-73A5DC55E397}.Debug|Any CPU.ActiveCfg = Debug|Any CPU
		{761629F3-48D0-4646-9949-73A5DC55E397}.Debug|Any CPU.Build.0 = Debug|Any CPU
		{761629F3-48D0-4646-9949-73A5DC55E397}.Release|Any CPU.ActiveCfg = Release|Any CPU
		{761629F3-48D0-4646-9949-73A5DC55E397}.Release|Any CPU.Build.0 = Release|Any CPU
		{E9CC8D4D-A9A5-4D29-9257-815D0370CF2C}.Debug|Any CPU.ActiveCfg = Debug|Any CPU
		{E9CC8D4D-A9A5-4D29-9257-815D0370CF2C}.Debug|Any CPU.Build.0 = Debug|Any CPU
		{E9CC8D4D-A9A5-4D29-9257-815D0370CF2C}.Release|Any CPU.ActiveCfg = Release|Any CPU
		{E9CC8D4D-A9A5-4D29-9257-815D0370CF2C}.Release|Any CPU.Build.0 = Release|Any CPU
		{96BD3EA7-2609-4681-A385-6FEB52F06DD6}.Debug|Any CPU.ActiveCfg = Debug|Any CPU
		{96BD3EA7-2609-4681-A385-6FEB52F06DD6}.Debug|Any CPU.Build.0 = Debug|Any CPU
		{96BD3EA7-2609-4681-A385-6FEB52F06DD6}.Release|Any CPU.ActiveCfg = Release|Any CPU
		{96BD3EA7-2609-4681-A385-6FEB52F06DD6}.Release|Any CPU.Build.0 = Release|Any CPU
		{E72061DA-518B-413C-9F34-DA66D03DC167}.Debug|Any CPU.ActiveCfg = Debug|Any CPU
		{E72061DA-518B-413C-9F34-DA66D03DC167}.Debug|Any CPU.Build.0 = Debug|Any CPU
		{E72061DA-518B-413C-9F34-DA66D03DC167}.Release|Any CPU.ActiveCfg = Release|Any CPU
		{E72061DA-518B-413C-9F34-DA66D03DC167}.Release|Any CPU.Build.0 = Release|Any CPU
		{BA3334FE-3306-4943-88A2-847B645F9294}.Debug|Any CPU.ActiveCfg = Debug|Any CPU
		{BA3334FE-3306-4943-88A2-847B645F9294}.Debug|Any CPU.Build.0 = Debug|Any CPU
		{BA3334FE-3306-4943-88A2-847B645F9294}.Release|Any CPU.ActiveCfg = Release|Any CPU
		{BA3334FE-3306-4943-88A2-847B645F9294}.Release|Any CPU.Build.0 = Release|Any CPU
		{75B23935-F792-421D-BA06-26C5C8079A94}.Debug|Any CPU.ActiveCfg = Debug|Any CPU
		{75B23935-F792-421D-BA06-26C5C8079A94}.Debug|Any CPU.Build.0 = Debug|Any CPU
		{75B23935-F792-421D-BA06-26C5C8079A94}.Release|Any CPU.ActiveCfg = Release|Any CPU
		{75B23935-F792-421D-BA06-26C5C8079A94}.Release|Any CPU.Build.0 = Release|Any CPU
		{7318A498-7830-4816-A016-AA9C38E011DD}.Debug|Any CPU.ActiveCfg = Debug|Any CPU
		{7318A498-7830-4816-A016-AA9C38E011DD}.Debug|Any CPU.Build.0 = Debug|Any CPU
		{7318A498-7830-4816-A016-AA9C38E011DD}.Release|Any CPU.ActiveCfg = Release|Any CPU
		{7318A498-7830-4816-A016-AA9C38E011DD}.Release|Any CPU.Build.0 = Release|Any CPU
		{1D2268AA-3CB1-4E97-A3DF-617AA5A7B621}.Debug|Any CPU.ActiveCfg = Debug|Any CPU
		{1D2268AA-3CB1-4E97-A3DF-617AA5A7B621}.Debug|Any CPU.Build.0 = Debug|Any CPU
		{1D2268AA-3CB1-4E97-A3DF-617AA5A7B621}.Release|Any CPU.ActiveCfg = Release|Any CPU
		{1D2268AA-3CB1-4E97-A3DF-617AA5A7B621}.Release|Any CPU.Build.0 = Release|Any CPU
		{16C40EBF-CCA0-4E2B-B65D-2FA60CF9CA62}.Debug|Any CPU.ActiveCfg = Debug|Any CPU
		{16C40EBF-CCA0-4E2B-B65D-2FA60CF9CA62}.Debug|Any CPU.Build.0 = Debug|Any CPU
		{16C40EBF-CCA0-4E2B-B65D-2FA60CF9CA62}.Release|Any CPU.ActiveCfg = Release|Any CPU
		{16C40EBF-CCA0-4E2B-B65D-2FA60CF9CA62}.Release|Any CPU.Build.0 = Release|Any CPU
		{D60F1A44-72BC-4535-93D7-C8264CDBF888}.Debug|Any CPU.ActiveCfg = Debug|Any CPU
		{D60F1A44-72BC-4535-93D7-C8264CDBF888}.Debug|Any CPU.Build.0 = Debug|Any CPU
		{D60F1A44-72BC-4535-93D7-C8264CDBF888}.Release|Any CPU.ActiveCfg = Release|Any CPU
		{D60F1A44-72BC-4535-93D7-C8264CDBF888}.Release|Any CPU.Build.0 = Release|Any CPU
		{AC604505-CC33-41D0-A417-56BDA568765C}.Debug|Any CPU.ActiveCfg = Debug|Any CPU
		{AC604505-CC33-41D0-A417-56BDA568765C}.Debug|Any CPU.Build.0 = Debug|Any CPU
		{AC604505-CC33-41D0-A417-56BDA568765C}.Release|Any CPU.ActiveCfg = Release|Any CPU
		{AC604505-CC33-41D0-A417-56BDA568765C}.Release|Any CPU.Build.0 = Release|Any CPU
		{77F6DF56-12B1-4670-9A7D-F703BDF28A75}.Debug|Any CPU.ActiveCfg = Debug|Any CPU
		{77F6DF56-12B1-4670-9A7D-F703BDF28A75}.Debug|Any CPU.Build.0 = Debug|Any CPU
		{77F6DF56-12B1-4670-9A7D-F703BDF28A75}.Release|Any CPU.ActiveCfg = Release|Any CPU
		{77F6DF56-12B1-4670-9A7D-F703BDF28A75}.Release|Any CPU.Build.0 = Release|Any CPU
		{9F0CBC4D-3D2C-4450-978C-7C325F0A98CD}.Debug|Any CPU.ActiveCfg = Debug|Any CPU
		{9F0CBC4D-3D2C-4450-978C-7C325F0A98CD}.Debug|Any CPU.Build.0 = Debug|Any CPU
		{9F0CBC4D-3D2C-4450-978C-7C325F0A98CD}.Release|Any CPU.ActiveCfg = Release|Any CPU
		{9F0CBC4D-3D2C-4450-978C-7C325F0A98CD}.Release|Any CPU.Build.0 = Release|Any CPU
		{6AED5E6F-9654-4FBA-A066-61B724B43957}.Debug|Any CPU.ActiveCfg = Debug|Any CPU
		{6AED5E6F-9654-4FBA-A066-61B724B43957}.Debug|Any CPU.Build.0 = Debug|Any CPU
		{6AED5E6F-9654-4FBA-A066-61B724B43957}.Release|Any CPU.ActiveCfg = Release|Any CPU
		{6AED5E6F-9654-4FBA-A066-61B724B43957}.Release|Any CPU.Build.0 = Release|Any CPU
		{5506A95F-D2B5-40DE-9454-87B77853B30A}.Debug|Any CPU.ActiveCfg = Debug|Any CPU
		{5506A95F-D2B5-40DE-9454-87B77853B30A}.Debug|Any CPU.Build.0 = Debug|Any CPU
		{5506A95F-D2B5-40DE-9454-87B77853B30A}.Release|Any CPU.ActiveCfg = Release|Any CPU
		{5506A95F-D2B5-40DE-9454-87B77853B30A}.Release|Any CPU.Build.0 = Release|Any CPU
		{D9616E96-5F56-4926-AF0C-F4575A281D73}.Debug|Any CPU.ActiveCfg = Debug|Any CPU
		{D9616E96-5F56-4926-AF0C-F4575A281D73}.Debug|Any CPU.Build.0 = Debug|Any CPU
		{D9616E96-5F56-4926-AF0C-F4575A281D73}.Release|Any CPU.ActiveCfg = Release|Any CPU
		{D9616E96-5F56-4926-AF0C-F4575A281D73}.Release|Any CPU.Build.0 = Release|Any CPU
		{267DAC42-F309-4594-ABF6-E9F2ADAFAF8D}.Debug|Any CPU.ActiveCfg = Debug|Any CPU
		{267DAC42-F309-4594-ABF6-E9F2ADAFAF8D}.Debug|Any CPU.Build.0 = Debug|Any CPU
		{267DAC42-F309-4594-ABF6-E9F2ADAFAF8D}.Release|Any CPU.ActiveCfg = Release|Any CPU
		{267DAC42-F309-4594-ABF6-E9F2ADAFAF8D}.Release|Any CPU.Build.0 = Release|Any CPU
		{629A01A0-7123-47EE-BD1E-6123A7C772EE}.Debug|Any CPU.ActiveCfg = Debug|Any CPU
		{629A01A0-7123-47EE-BD1E-6123A7C772EE}.Debug|Any CPU.Build.0 = Debug|Any CPU
		{629A01A0-7123-47EE-BD1E-6123A7C772EE}.Release|Any CPU.ActiveCfg = Release|Any CPU
		{629A01A0-7123-47EE-BD1E-6123A7C772EE}.Release|Any CPU.Build.0 = Release|Any CPU
		{56D3ED1D-4ADD-4D83-99CE-7F61855EAE1A}.Debug|Any CPU.ActiveCfg = Debug|Any CPU
		{56D3ED1D-4ADD-4D83-99CE-7F61855EAE1A}.Debug|Any CPU.Build.0 = Debug|Any CPU
		{56D3ED1D-4ADD-4D83-99CE-7F61855EAE1A}.Release|Any CPU.ActiveCfg = Release|Any CPU
		{56D3ED1D-4ADD-4D83-99CE-7F61855EAE1A}.Release|Any CPU.Build.0 = Release|Any CPU
		{CACC0B41-F0E5-43F9-9A9B-244F1C9A8F38}.Debug|Any CPU.ActiveCfg = Debug|Any CPU
		{CACC0B41-F0E5-43F9-9A9B-244F1C9A8F38}.Debug|Any CPU.Build.0 = Debug|Any CPU
		{CACC0B41-F0E5-43F9-9A9B-244F1C9A8F38}.Release|Any CPU.ActiveCfg = Release|Any CPU
		{CACC0B41-F0E5-43F9-9A9B-244F1C9A8F38}.Release|Any CPU.Build.0 = Release|Any CPU
		{D6613C6C-9BBF-4399-9179-61E2082BA49B}.Debug|Any CPU.ActiveCfg = Debug|Any CPU
		{D6613C6C-9BBF-4399-9179-61E2082BA49B}.Debug|Any CPU.Build.0 = Debug|Any CPU
		{D6613C6C-9BBF-4399-9179-61E2082BA49B}.Release|Any CPU.ActiveCfg = Release|Any CPU
		{D6613C6C-9BBF-4399-9179-61E2082BA49B}.Release|Any CPU.Build.0 = Release|Any CPU
		{8D0747D0-3D9D-4B6F-AC54-F1D26B5434EC}.Debug|Any CPU.ActiveCfg = Debug|Any CPU
		{8D0747D0-3D9D-4B6F-AC54-F1D26B5434EC}.Debug|Any CPU.Build.0 = Debug|Any CPU
		{8D0747D0-3D9D-4B6F-AC54-F1D26B5434EC}.Release|Any CPU.ActiveCfg = Release|Any CPU
		{8D0747D0-3D9D-4B6F-AC54-F1D26B5434EC}.Release|Any CPU.Build.0 = Release|Any CPU
		{CA0115E7-48EB-408C-AE50-759E90A7BE29}.Debug|Any CPU.ActiveCfg = Debug|Any CPU
		{CA0115E7-48EB-408C-AE50-759E90A7BE29}.Debug|Any CPU.Build.0 = Debug|Any CPU
		{CA0115E7-48EB-408C-AE50-759E90A7BE29}.Release|Any CPU.ActiveCfg = Release|Any CPU
		{CA0115E7-48EB-408C-AE50-759E90A7BE29}.Release|Any CPU.Build.0 = Release|Any CPU
		{15266996-80A1-41EF-AD75-B269933D69DA}.Debug|Any CPU.ActiveCfg = Debug|Any CPU
		{15266996-80A1-41EF-AD75-B269933D69DA}.Debug|Any CPU.Build.0 = Debug|Any CPU
		{15266996-80A1-41EF-AD75-B269933D69DA}.Release|Any CPU.ActiveCfg = Release|Any CPU
		{15266996-80A1-41EF-AD75-B269933D69DA}.Release|Any CPU.Build.0 = Release|Any CPU
		{E0BDAE1B-A41D-4A9A-A9C8-1BDA9F319ADB}.Debug|Any CPU.ActiveCfg = Debug|Any CPU
		{E0BDAE1B-A41D-4A9A-A9C8-1BDA9F319ADB}.Debug|Any CPU.Build.0 = Debug|Any CPU
		{E0BDAE1B-A41D-4A9A-A9C8-1BDA9F319ADB}.Release|Any CPU.ActiveCfg = Release|Any CPU
		{E0BDAE1B-A41D-4A9A-A9C8-1BDA9F319ADB}.Release|Any CPU.Build.0 = Release|Any CPU
		{38141E1D-B9D0-4C38-80FB-F17A467189C4}.Debug|Any CPU.ActiveCfg = Debug|Any CPU
		{38141E1D-B9D0-4C38-80FB-F17A467189C4}.Debug|Any CPU.Build.0 = Debug|Any CPU
		{38141E1D-B9D0-4C38-80FB-F17A467189C4}.Release|Any CPU.ActiveCfg = Release|Any CPU
		{38141E1D-B9D0-4C38-80FB-F17A467189C4}.Release|Any CPU.Build.0 = Release|Any CPU
		{131CF8C5-1B09-479A-8382-F184BD7573E7}.Debug|Any CPU.ActiveCfg = Debug|Any CPU
		{131CF8C5-1B09-479A-8382-F184BD7573E7}.Debug|Any CPU.Build.0 = Debug|Any CPU
		{131CF8C5-1B09-479A-8382-F184BD7573E7}.Release|Any CPU.ActiveCfg = Release|Any CPU
		{131CF8C5-1B09-479A-8382-F184BD7573E7}.Release|Any CPU.Build.0 = Release|Any CPU
		{FA95F020-67AA-475C-BE94-A4838A600704}.Debug|Any CPU.ActiveCfg = Debug|Any CPU
		{FA95F020-67AA-475C-BE94-A4838A600704}.Debug|Any CPU.Build.0 = Debug|Any CPU
		{FA95F020-67AA-475C-BE94-A4838A600704}.Release|Any CPU.ActiveCfg = Release|Any CPU
		{FA95F020-67AA-475C-BE94-A4838A600704}.Release|Any CPU.Build.0 = Release|Any CPU
		{3FB6074B-2B6A-4CA2-9D27-D8CAAC695977}.Debug|Any CPU.ActiveCfg = Debug|Any CPU
		{3FB6074B-2B6A-4CA2-9D27-D8CAAC695977}.Debug|Any CPU.Build.0 = Debug|Any CPU
		{3FB6074B-2B6A-4CA2-9D27-D8CAAC695977}.Release|Any CPU.ActiveCfg = Release|Any CPU
		{3FB6074B-2B6A-4CA2-9D27-D8CAAC695977}.Release|Any CPU.Build.0 = Release|Any CPU
		{B448D48D-D0B2-4D57-9EDE-1997FC32E761}.Debug|Any CPU.ActiveCfg = Debug|Any CPU
		{B448D48D-D0B2-4D57-9EDE-1997FC32E761}.Debug|Any CPU.Build.0 = Debug|Any CPU
		{B448D48D-D0B2-4D57-9EDE-1997FC32E761}.Release|Any CPU.ActiveCfg = Release|Any CPU
		{B448D48D-D0B2-4D57-9EDE-1997FC32E761}.Release|Any CPU.Build.0 = Release|Any CPU
		{317D2CED-576F-41DB-A7A4-F00C2B223983}.Debug|Any CPU.ActiveCfg = Debug|Any CPU
		{317D2CED-576F-41DB-A7A4-F00C2B223983}.Debug|Any CPU.Build.0 = Debug|Any CPU
		{317D2CED-576F-41DB-A7A4-F00C2B223983}.Release|Any CPU.ActiveCfg = Release|Any CPU
		{317D2CED-576F-41DB-A7A4-F00C2B223983}.Release|Any CPU.Build.0 = Release|Any CPU
		{B7B5AA32-42A6-4277-9603-4F9ADA65622F}.Debug|Any CPU.ActiveCfg = Debug|Any CPU
		{B7B5AA32-42A6-4277-9603-4F9ADA65622F}.Debug|Any CPU.Build.0 = Debug|Any CPU
		{B7B5AA32-42A6-4277-9603-4F9ADA65622F}.Release|Any CPU.ActiveCfg = Release|Any CPU
		{B7B5AA32-42A6-4277-9603-4F9ADA65622F}.Release|Any CPU.Build.0 = Release|Any CPU
		{F2A8D806-EC76-4E25-A6F9-3C89BF2FE770}.Debug|Any CPU.ActiveCfg = Debug|Any CPU
		{F2A8D806-EC76-4E25-A6F9-3C89BF2FE770}.Debug|Any CPU.Build.0 = Debug|Any CPU
		{F2A8D806-EC76-4E25-A6F9-3C89BF2FE770}.Release|Any CPU.ActiveCfg = Release|Any CPU
		{F2A8D806-EC76-4E25-A6F9-3C89BF2FE770}.Release|Any CPU.Build.0 = Release|Any CPU
		{D7A1EA3B-4956-40ED-81E6-912FD186ED28}.Debug|Any CPU.ActiveCfg = Debug|Any CPU
		{D7A1EA3B-4956-40ED-81E6-912FD186ED28}.Debug|Any CPU.Build.0 = Debug|Any CPU
		{D7A1EA3B-4956-40ED-81E6-912FD186ED28}.Release|Any CPU.ActiveCfg = Release|Any CPU
		{D7A1EA3B-4956-40ED-81E6-912FD186ED28}.Release|Any CPU.Build.0 = Release|Any CPU
		{5F47BBF5-591A-4E08-BFED-E7C00A50373C}.Debug|Any CPU.ActiveCfg = Debug|Any CPU
		{5F47BBF5-591A-4E08-BFED-E7C00A50373C}.Debug|Any CPU.Build.0 = Debug|Any CPU
		{5F47BBF5-591A-4E08-BFED-E7C00A50373C}.Release|Any CPU.ActiveCfg = Release|Any CPU
		{5F47BBF5-591A-4E08-BFED-E7C00A50373C}.Release|Any CPU.Build.0 = Release|Any CPU
		{2446E1BC-76E2-49FB-A46B-F0DA2F2F472A}.Debug|Any CPU.ActiveCfg = Debug|Any CPU
		{2446E1BC-76E2-49FB-A46B-F0DA2F2F472A}.Debug|Any CPU.Build.0 = Debug|Any CPU
		{2446E1BC-76E2-49FB-A46B-F0DA2F2F472A}.Release|Any CPU.ActiveCfg = Release|Any CPU
		{2446E1BC-76E2-49FB-A46B-F0DA2F2F472A}.Release|Any CPU.Build.0 = Release|Any CPU
		{3CEDF21F-906D-4DF0-A8DF-C494DAE7F888}.Debug|Any CPU.ActiveCfg = Debug|Any CPU
		{3CEDF21F-906D-4DF0-A8DF-C494DAE7F888}.Debug|Any CPU.Build.0 = Debug|Any CPU
		{3CEDF21F-906D-4DF0-A8DF-C494DAE7F888}.Release|Any CPU.ActiveCfg = Release|Any CPU
		{3CEDF21F-906D-4DF0-A8DF-C494DAE7F888}.Release|Any CPU.Build.0 = Release|Any CPU
		{0A5F0CA6-0BEE-4486-B7AA-38EDA320080A}.Debug|Any CPU.ActiveCfg = Debug|Any CPU
		{0A5F0CA6-0BEE-4486-B7AA-38EDA320080A}.Debug|Any CPU.Build.0 = Debug|Any CPU
		{0A5F0CA6-0BEE-4486-B7AA-38EDA320080A}.Release|Any CPU.ActiveCfg = Release|Any CPU
		{0A5F0CA6-0BEE-4486-B7AA-38EDA320080A}.Release|Any CPU.Build.0 = Release|Any CPU
		{417E4D83-C968-41B8-BDBA-768D34091647}.Debug|Any CPU.ActiveCfg = Debug|Any CPU
		{417E4D83-C968-41B8-BDBA-768D34091647}.Debug|Any CPU.Build.0 = Debug|Any CPU
		{417E4D83-C968-41B8-BDBA-768D34091647}.Release|Any CPU.ActiveCfg = Release|Any CPU
		{417E4D83-C968-41B8-BDBA-768D34091647}.Release|Any CPU.Build.0 = Release|Any CPU
		{70A89049-A8E4-40D3-905F-62F9047EB717}.Debug|Any CPU.ActiveCfg = Debug|Any CPU
		{70A89049-A8E4-40D3-905F-62F9047EB717}.Debug|Any CPU.Build.0 = Debug|Any CPU
		{70A89049-A8E4-40D3-905F-62F9047EB717}.Release|Any CPU.ActiveCfg = Release|Any CPU
		{70A89049-A8E4-40D3-905F-62F9047EB717}.Release|Any CPU.Build.0 = Release|Any CPU
		{0396E325-7FB3-47E2-B917-CEC1885AB586}.Debug|Any CPU.ActiveCfg = Debug|Any CPU
		{0396E325-7FB3-47E2-B917-CEC1885AB586}.Debug|Any CPU.Build.0 = Debug|Any CPU
		{0396E325-7FB3-47E2-B917-CEC1885AB586}.Release|Any CPU.ActiveCfg = Release|Any CPU
		{0396E325-7FB3-47E2-B917-CEC1885AB586}.Release|Any CPU.Build.0 = Release|Any CPU
		{7AC24FC7-DA24-41BE-95E3-5841909C5ECA}.Debug|Any CPU.ActiveCfg = Debug|Any CPU
		{7AC24FC7-DA24-41BE-95E3-5841909C5ECA}.Debug|Any CPU.Build.0 = Debug|Any CPU
		{7AC24FC7-DA24-41BE-95E3-5841909C5ECA}.Release|Any CPU.ActiveCfg = Release|Any CPU
		{7AC24FC7-DA24-41BE-95E3-5841909C5ECA}.Release|Any CPU.Build.0 = Release|Any CPU
		{D8372A5E-C008-440E-A9B3-CD5868ECFF88}.Debug|Any CPU.ActiveCfg = Debug|Any CPU
		{D8372A5E-C008-440E-A9B3-CD5868ECFF88}.Debug|Any CPU.Build.0 = Debug|Any CPU
		{D8372A5E-C008-440E-A9B3-CD5868ECFF88}.Release|Any CPU.ActiveCfg = Release|Any CPU
		{D8372A5E-C008-440E-A9B3-CD5868ECFF88}.Release|Any CPU.Build.0 = Release|Any CPU
		{8CD98CEE-8C46-465E-88ED-B302DF32764D}.Debug|Any CPU.ActiveCfg = Debug|Any CPU
		{8CD98CEE-8C46-465E-88ED-B302DF32764D}.Debug|Any CPU.Build.0 = Debug|Any CPU
		{8CD98CEE-8C46-465E-88ED-B302DF32764D}.Release|Any CPU.ActiveCfg = Release|Any CPU
		{8CD98CEE-8C46-465E-88ED-B302DF32764D}.Release|Any CPU.Build.0 = Release|Any CPU
		{0B2E0A48-5F58-41FD-998D-041BBAE326BA}.Debug|Any CPU.ActiveCfg = Debug|Any CPU
		{0B2E0A48-5F58-41FD-998D-041BBAE326BA}.Debug|Any CPU.Build.0 = Debug|Any CPU
		{0B2E0A48-5F58-41FD-998D-041BBAE326BA}.Release|Any CPU.ActiveCfg = Release|Any CPU
		{0B2E0A48-5F58-41FD-998D-041BBAE326BA}.Release|Any CPU.Build.0 = Release|Any CPU
		{16A7CD2E-996A-4D10-8B6C-DDCCBB3ED02B}.Debug|Any CPU.ActiveCfg = Debug|Any CPU
		{16A7CD2E-996A-4D10-8B6C-DDCCBB3ED02B}.Debug|Any CPU.Build.0 = Debug|Any CPU
		{16A7CD2E-996A-4D10-8B6C-DDCCBB3ED02B}.Release|Any CPU.ActiveCfg = Release|Any CPU
		{16A7CD2E-996A-4D10-8B6C-DDCCBB3ED02B}.Release|Any CPU.Build.0 = Release|Any CPU
		{CE3F81FE-1F5B-4BD5-BCD0-7D4E0E043F17}.Debug|Any CPU.ActiveCfg = Debug|Any CPU
		{CE3F81FE-1F5B-4BD5-BCD0-7D4E0E043F17}.Debug|Any CPU.Build.0 = Debug|Any CPU
		{CE3F81FE-1F5B-4BD5-BCD0-7D4E0E043F17}.Release|Any CPU.ActiveCfg = Release|Any CPU
		{CE3F81FE-1F5B-4BD5-BCD0-7D4E0E043F17}.Release|Any CPU.Build.0 = Release|Any CPU
		{E83DFC8F-256F-4A50-A9C7-A62A5C8AC8C2}.Debug|Any CPU.ActiveCfg = Debug|Any CPU
		{E83DFC8F-256F-4A50-A9C7-A62A5C8AC8C2}.Debug|Any CPU.Build.0 = Debug|Any CPU
		{E83DFC8F-256F-4A50-A9C7-A62A5C8AC8C2}.Release|Any CPU.ActiveCfg = Release|Any CPU
		{E83DFC8F-256F-4A50-A9C7-A62A5C8AC8C2}.Release|Any CPU.Build.0 = Release|Any CPU
		{7D8E1679-6BF4-4A02-A66B-342DF92D8FBB}.Debug|Any CPU.ActiveCfg = Debug|Any CPU
		{7D8E1679-6BF4-4A02-A66B-342DF92D8FBB}.Debug|Any CPU.Build.0 = Debug|Any CPU
		{7D8E1679-6BF4-4A02-A66B-342DF92D8FBB}.Release|Any CPU.ActiveCfg = Release|Any CPU
		{7D8E1679-6BF4-4A02-A66B-342DF92D8FBB}.Release|Any CPU.Build.0 = Release|Any CPU
		{3AA2311E-6E74-4D5A-B4B2-E142C1E726AE}.Debug|Any CPU.ActiveCfg = Debug|Any CPU
		{3AA2311E-6E74-4D5A-B4B2-E142C1E726AE}.Debug|Any CPU.Build.0 = Debug|Any CPU
		{3AA2311E-6E74-4D5A-B4B2-E142C1E726AE}.Release|Any CPU.ActiveCfg = Release|Any CPU
		{3AA2311E-6E74-4D5A-B4B2-E142C1E726AE}.Release|Any CPU.Build.0 = Release|Any CPU
		{EE8A0744-640D-43C2-BB0B-2A84283D9751}.Debug|Any CPU.ActiveCfg = Debug|Any CPU
		{EE8A0744-640D-43C2-BB0B-2A84283D9751}.Debug|Any CPU.Build.0 = Debug|Any CPU
		{EE8A0744-640D-43C2-BB0B-2A84283D9751}.Release|Any CPU.ActiveCfg = Release|Any CPU
		{EE8A0744-640D-43C2-BB0B-2A84283D9751}.Release|Any CPU.Build.0 = Release|Any CPU
	EndGlobalSection
	GlobalSection(SolutionProperties) = preSolution
		HideSolutionNode = FALSE
	EndGlobalSection
	GlobalSection(NestedProjects) = preSolution
		{50F54542-7532-4219-B98D-12BD47575716} = {C53FC025-AD4D-427F-87CC-9E9968B9CFC3}
		{E5E63D09-12D4-4D48-892A-38709A8F3FE0} = {C53FC025-AD4D-427F-87CC-9E9968B9CFC3}
		{4492FC9C-727C-4526-963A-07E6D711CF60} = {C53FC025-AD4D-427F-87CC-9E9968B9CFC3}
		{273C6DA5-C567-4EEE-9812-A404946435C4} = {C53FC025-AD4D-427F-87CC-9E9968B9CFC3}
		{EE6C21E3-E6A6-413F-BCC7-6B1FF4E4554D} = {C53FC025-AD4D-427F-87CC-9E9968B9CFC3}
		{3466C97A-8F20-469C-B71A-25DE05679F41} = {FA2EF394-DCFD-419D-8E4D-D4F65BA72B7A}
		{BD4D6A98-F561-4164-9DC2-329E7F178E2B} = {FA2EF394-DCFD-419D-8E4D-D4F65BA72B7A}
		{D23774A1-22DA-47D1-B828-85CC49A0D7B2} = {FA2EF394-DCFD-419D-8E4D-D4F65BA72B7A}
		{DE9E1ACF-5BE5-4D46-B41A-690B54F0508E} = {FA2EF394-DCFD-419D-8E4D-D4F65BA72B7A}
		{C5EE31A1-9988-4001-A9F3-C3833FFB81A4} = {FA2EF394-DCFD-419D-8E4D-D4F65BA72B7A}
		{4D0D6A41-7A27-4BAC-B86D-2B30AA7F2AF1} = {FA2EF394-DCFD-419D-8E4D-D4F65BA72B7A}
		{A55F9D4F-ED71-428A-A60C-CFF584051998} = {B0B11E82-85D1-4221-84EF-4297978824CC}
		{5EB3FC54-5CC6-4BB0-8DD8-FD3EE89FE2D1} = {84FB692B-8A8A-4FD3-B8AC-E0692A0685D3}
		{40D0F035-1BEC-489C-8CBF-DE0120386185} = {84FB692B-8A8A-4FD3-B8AC-E0692A0685D3}
		{EBE81F2E-4754-45B9-913F-CAF57F9DEC02} = {84FB692B-8A8A-4FD3-B8AC-E0692A0685D3}
		{1280594B-96CF-4C38-8C2B-34910AD16019} = {84FB692B-8A8A-4FD3-B8AC-E0692A0685D3}
		{99AFF23F-A297-4F96-BAB3-9D311D6C068B} = {84FB692B-8A8A-4FD3-B8AC-E0692A0685D3}
		{B859B226-6BBF-46A9-BD65-9171D24F107D} = {84FB692B-8A8A-4FD3-B8AC-E0692A0685D3}
		{5269EB55-75E3-4411-835D-1702D9931EE2} = {84FB692B-8A8A-4FD3-B8AC-E0692A0685D3}
		{5FB6EE67-888F-4169-9B8D-D39994FC8851} = {84FB692B-8A8A-4FD3-B8AC-E0692A0685D3}
		{DA792BB6-F7CC-4185-9747-AEADEEC4816A} = {406A9D0B-D4F4-476A-942D-A4A0E1FDF00A}
		{7278A770-3F6D-4554-9397-65C85CF18B81} = {406A9D0B-D4F4-476A-942D-A4A0E1FDF00A}
		{26BA04A2-A971-424C-AF48-984C666D7FF5} = {406A9D0B-D4F4-476A-942D-A4A0E1FDF00A}
		{48517CDF-95DE-4E93-9D55-0CD62A4A87FC} = {7500193E-E67E-45B3-B8EF-08DE5A91B2C5}
		{2BD90F6F-4CAD-42C7-8FFB-7618E93A35B3} = {7500193E-E67E-45B3-B8EF-08DE5A91B2C5}
		{53BA8D7A-385D-4967-8EDF-6BCA496C052A} = {7500193E-E67E-45B3-B8EF-08DE5A91B2C5}
		{4271651C-96ED-4B53-9DD0-1E8599BDE0A2} = {7500193E-E67E-45B3-B8EF-08DE5A91B2C5}
		{0BAF02F3-C159-4285-BCB5-EDA9170DFD4E} = {C6B7371A-5F42-43FE-B90D-88052F01A5A0}
		{67122768-F79E-4877-823C-216F169C67CC} = {C6B7371A-5F42-43FE-B90D-88052F01A5A0}
		{8A45B1F4-AAE7-4F55-99B2-1074F167AB5C} = {C6B7371A-5F42-43FE-B90D-88052F01A5A0}
		{836361E1-BDAD-4E52-A5FA-8C2E4711B1F9} = {C6B7371A-5F42-43FE-B90D-88052F01A5A0}
		{F344DE7C-595F-4043-8E30-A6BB26B6003E} = {C6B7371A-5F42-43FE-B90D-88052F01A5A0}
		{900DE026-91DF-4787-8E21-A6D71D09C2D9} = {7A0C3E0A-1D89-4AE8-8967-22A739583C93}
		{8C2B693E-7E19-4A3D-AF25-0B1ACC4F8CC8} = {3212AF45-D23D-46E8-A439-0CE8052F0121}
		{246E0CDE-429C-4152-BE5C-DC58B8AAD76D} = {3212AF45-D23D-46E8-A439-0CE8052F0121}
		{B2F18473-E21D-4DE2-87FE-222AF534E2B4} = {3212AF45-D23D-46E8-A439-0CE8052F0121}
		{511BDBEC-615D-43A0-AFC4-04BDFECF869A} = {3212AF45-D23D-46E8-A439-0CE8052F0121}
		{DFB30D70-7147-4F10-88E8-BF3F733B0E67} = {F12334A0-80AF-4B30-9DE2-70B339DC738C}
		{12323BD0-46D7-48BF-8CA7-418A44BBA4AE} = {F12334A0-80AF-4B30-9DE2-70B339DC738C}
		{44B07C18-D66C-4593-BB0D-F18508CCC531} = {B0B11E82-85D1-4221-84EF-4297978824CC}
		{0BC5FFE2-A738-4FBD-862C-ADC6CC77C425} = {D9FB9E04-0D44-45BD-9F1F-2150E5EC20C7}
		{B5805C3E-43A0-4987-A7D7-2434ADAA11D8} = {D9FB9E04-0D44-45BD-9F1F-2150E5EC20C7}
		{14EA00EF-DB23-4C49-BD5C-604FE7E35229} = {D9FB9E04-0D44-45BD-9F1F-2150E5EC20C7}
		{DEA8C88A-BA45-4C42-9B74-AE6329A82A73} = {B0B11E82-85D1-4221-84EF-4297978824CC}
		{1F08B9E0-7326-45F5-A3DC-6D5B4191DD08} = {B0B11E82-85D1-4221-84EF-4297978824CC}
		{7FA8AEE0-8228-4404-A045-130DAF4DE665} = {B0B11E82-85D1-4221-84EF-4297978824CC}
		{A276CA46-6E51-40C5-A462-7064E707E2D0} = {7A0C3E0A-1D89-4AE8-8967-22A739583C93}
		{69BB6F9E-E8B0-47E3-B1C0-853789E3CEA3} = {3212AF45-D23D-46E8-A439-0CE8052F0121}
		{FA2EF394-DCFD-419D-8E4D-D4F65BA72B7A} = {B0B11E82-85D1-4221-84EF-4297978824CC}
		{C53FC025-AD4D-427F-87CC-9E9968B9CFC3} = {B0B11E82-85D1-4221-84EF-4297978824CC}
		{F12334A0-80AF-4B30-9DE2-70B339DC738C} = {B0B11E82-85D1-4221-84EF-4297978824CC}
		{D9FB9E04-0D44-45BD-9F1F-2150E5EC20C7} = {B0B11E82-85D1-4221-84EF-4297978824CC}
		{D0936CC8-6D52-427F-A170-FA178689031A} = {3212AF45-D23D-46E8-A439-0CE8052F0121}
		{93A70444-6FA3-407B-B068-F89273377760} = {3212AF45-D23D-46E8-A439-0CE8052F0121}
		{D7DEE093-5B08-4986-AB28-BA6117FDABDB} = {86140B08-7721-40F5-9254-E1F24FA98435}
		{02C110AA-0028-4951-8E6C-2F2AE69CE2C5} = {86140B08-7721-40F5-9254-E1F24FA98435}
		{E596B9A1-5E68-42C7-998D-035BC27A3AA5} = {86140B08-7721-40F5-9254-E1F24FA98435}
		{1B5A1B4C-A5A1-487B-BB78-D1BB49C322FC} = {86140B08-7721-40F5-9254-E1F24FA98435}
		{65A7777D-6458-413C-A033-782ED44515AB} = {3212AF45-D23D-46E8-A439-0CE8052F0121}
		{BB11E0B6-29D3-41C2-B237-30278400FF32} = {385316B1-E93F-4A27-A7F2-52D35A4244EB}
		{1CFC08A2-63A4-45AD-90AE-D8007304AAA5} = {385316B1-E93F-4A27-A7F2-52D35A4244EB}
		{8EA36CF9-D0CA-4AC2-9326-D2746D05E951} = {385316B1-E93F-4A27-A7F2-52D35A4244EB}
		{642BE958-9586-432D-AD77-00C19DCD625B} = {385316B1-E93F-4A27-A7F2-52D35A4244EB}
		{EAC9673C-7495-481E-9A0F-7DE718C6E627} = {385316B1-E93F-4A27-A7F2-52D35A4244EB}
		{364A400B-F178-402B-BFBD-2E70BFA67FC7} = {ABB7917E-22BD-4D3F-9034-BC169AF7ADB8}
		{3ABC8711-6178-4922-ACFB-6FE4DCF8B6EB} = {ABB7917E-22BD-4D3F-9034-BC169AF7ADB8}
		{64040864-82A2-4E59-982B-FA8F8BD628BE} = {ABB7917E-22BD-4D3F-9034-BC169AF7ADB8}
		{574B4E3A-C962-47C2-AB76-CFF9EC67DD9B} = {7500193E-E67E-45B3-B8EF-08DE5A91B2C5}
		{7D36CE00-543C-4420-8C8E-60A1351ED1BB} = {7500193E-E67E-45B3-B8EF-08DE5A91B2C5}
		{0A21E92B-0F0D-4FE6-8D72-1109F6DBFF16} = {B0B11E82-85D1-4221-84EF-4297978824CC}
		{2E07C1FD-62F7-4C67-8847-72364FE5927C} = {7500193E-E67E-45B3-B8EF-08DE5A91B2C5}
		{99E18263-DEEC-4F4F-BFB1-D3F08F874C07} = {7500193E-E67E-45B3-B8EF-08DE5A91B2C5}
		{DD830CC4-658C-4DF1-86B0-42277CB53429} = {ABB7917E-22BD-4D3F-9034-BC169AF7ADB8}
		{CB8F4B47-5793-4B7F-A02B-6538F7C9C6AC} = {ABB7917E-22BD-4D3F-9034-BC169AF7ADB8}
		{81A4CD21-45DB-4BBC-BF15-E620897B511D} = {ABB7917E-22BD-4D3F-9034-BC169AF7ADB8}
		{ABB7917E-22BD-4D3F-9034-BC169AF7ADB8} = {84FB692B-8A8A-4FD3-B8AC-E0692A0685D3}
		{D49379E3-04D4-482E-B636-84F14E55FD46} = {B0B11E82-85D1-4221-84EF-4297978824CC}
		{A5161A03-C0C6-4529-B1EA-494C0EAF37C7} = {4C81AF78-663A-4F3C-A9A4-12D237B1700B}
		{F1081292-B0DD-46A3-81E5-7838D3A450FE} = {4C81AF78-663A-4F3C-A9A4-12D237B1700B}
		{60EB21ED-FE74-4B66-8CA0-AAFB40A7E2CA} = {4C81AF78-663A-4F3C-A9A4-12D237B1700B}
		{1F03D669-3D8D-4464-B35D-010920C3ABAC} = {4C81AF78-663A-4F3C-A9A4-12D237B1700B}
		{41DAD0F2-4899-4C7F-A8C3-FEC19B2600B6} = {4C81AF78-663A-4F3C-A9A4-12D237B1700B}
		{00890DF5-C7D5-4804-BC9D-371F5CF46BE7} = {4C81AF78-663A-4F3C-A9A4-12D237B1700B}
		{ADE6407C-F7C8-4C2E-8FC7-5A8381C62659} = {4C81AF78-663A-4F3C-A9A4-12D237B1700B}
		{DA3FD390-E393-4565-A059-D27D573DEAA1} = {4C81AF78-663A-4F3C-A9A4-12D237B1700B}
		{52C3D785-24E6-4B99-9F87-AABFE45B6437} = {4C81AF78-663A-4F3C-A9A4-12D237B1700B}
		{DB3081E0-DC2A-4418-B77E-C79CDDA30BB4} = {4C81AF78-663A-4F3C-A9A4-12D237B1700B}
		{7BB4222D-DD09-4789-8E6E-A59DEBBCB00F} = {4C81AF78-663A-4F3C-A9A4-12D237B1700B}
		{46686476-77CA-44F9-A409-77BCC116B7A2} = {62D9DCD5-5510-49C8-8CE7-C6FFEF6F5F35}
		{CFD103C5-089E-44DF-B9B6-A991BD5CDD96} = {4C81AF78-663A-4F3C-A9A4-12D237B1700B}
		{8AD63518-6560-414A-B79C-42A43FB37FD5} = {5DFD627E-7CAF-4909-96A7-91C01E6CD017}
		{78020B08-06DF-47C1-8325-FE4214E195BB} = {9C01E0EF-A414-4309-823C-0C0284F34DDC}
		{9C01E0EF-A414-4309-823C-0C0284F34DDC} = {5DFD627E-7CAF-4909-96A7-91C01E6CD017}
		{E25B5BD3-D0E3-4F5E-9B21-61A2ED1EF139} = {9C01E0EF-A414-4309-823C-0C0284F34DDC}
		{D8944D7F-6554-477A-B636-A667759A9B90} = {9C01E0EF-A414-4309-823C-0C0284F34DDC}
		{7027A586-78A5-414C-9597-C25780D86AF1} = {9C01E0EF-A414-4309-823C-0C0284F34DDC}
		{F7C95CE5-C51B-4DB8-8F51-9F16F204A20B} = {9C01E0EF-A414-4309-823C-0C0284F34DDC}
		{B7C01F0F-4597-4D93-B38C-DC06D1A5346B} = {9C01E0EF-A414-4309-823C-0C0284F34DDC}
		{761629F3-48D0-4646-9949-73A5DC55E397} = {9C01E0EF-A414-4309-823C-0C0284F34DDC}
		{E9CC8D4D-A9A5-4D29-9257-815D0370CF2C} = {9C01E0EF-A414-4309-823C-0C0284F34DDC}
		{96BD3EA7-2609-4681-A385-6FEB52F06DD6} = {9C01E0EF-A414-4309-823C-0C0284F34DDC}
		{E72061DA-518B-413C-9F34-DA66D03DC167} = {9C01E0EF-A414-4309-823C-0C0284F34DDC}
		{BA3334FE-3306-4943-88A2-847B645F9294} = {9C01E0EF-A414-4309-823C-0C0284F34DDC}
		{75B23935-F792-421D-BA06-26C5C8079A94} = {9C01E0EF-A414-4309-823C-0C0284F34DDC}
		{7318A498-7830-4816-A016-AA9C38E011DD} = {9C01E0EF-A414-4309-823C-0C0284F34DDC}
		{1D2268AA-3CB1-4E97-A3DF-617AA5A7B621} = {9C01E0EF-A414-4309-823C-0C0284F34DDC}
		{16C40EBF-CCA0-4E2B-B65D-2FA60CF9CA62} = {9C01E0EF-A414-4309-823C-0C0284F34DDC}
		{9B814E2A-E15E-4D8B-8B53-FEA8DBD67966} = {5DFD627E-7CAF-4909-96A7-91C01E6CD017}
		{D60F1A44-72BC-4535-93D7-C8264CDBF888} = {9B814E2A-E15E-4D8B-8B53-FEA8DBD67966}
		{AC604505-CC33-41D0-A417-56BDA568765C} = {9B814E2A-E15E-4D8B-8B53-FEA8DBD67966}
		{77F6DF56-12B1-4670-9A7D-F703BDF28A75} = {9B814E2A-E15E-4D8B-8B53-FEA8DBD67966}
		{9F0CBC4D-3D2C-4450-978C-7C325F0A98CD} = {9B814E2A-E15E-4D8B-8B53-FEA8DBD67966}
		{6AED5E6F-9654-4FBA-A066-61B724B43957} = {9B814E2A-E15E-4D8B-8B53-FEA8DBD67966}
		{5506A95F-D2B5-40DE-9454-87B77853B30A} = {9B814E2A-E15E-4D8B-8B53-FEA8DBD67966}
		{267DAC42-F309-4594-ABF6-E9F2ADAFAF8D} = {9B814E2A-E15E-4D8B-8B53-FEA8DBD67966}
		{629A01A0-7123-47EE-BD1E-6123A7C772EE} = {9B814E2A-E15E-4D8B-8B53-FEA8DBD67966}
		{56D3ED1D-4ADD-4D83-99CE-7F61855EAE1A} = {9B814E2A-E15E-4D8B-8B53-FEA8DBD67966}
		{2739F409-D02D-4754-81E1-5706AC0F3C26} = {5DFD627E-7CAF-4909-96A7-91C01E6CD017}
		{CACC0B41-F0E5-43F9-9A9B-244F1C9A8F38} = {2739F409-D02D-4754-81E1-5706AC0F3C26}
		{D6613C6C-9BBF-4399-9179-61E2082BA49B} = {2739F409-D02D-4754-81E1-5706AC0F3C26}
		{207B0B54-AD77-4D81-9701-271E3156B617} = {5DFD627E-7CAF-4909-96A7-91C01E6CD017}
		{8D0747D0-3D9D-4B6F-AC54-F1D26B5434EC} = {207B0B54-AD77-4D81-9701-271E3156B617}
		{CA0115E7-48EB-408C-AE50-759E90A7BE29} = {207B0B54-AD77-4D81-9701-271E3156B617}
		{15266996-80A1-41EF-AD75-B269933D69DA} = {207B0B54-AD77-4D81-9701-271E3156B617}
		{89FCA54F-D6F2-40FC-A7A2-E332B7E0AB6C} = {5DFD627E-7CAF-4909-96A7-91C01E6CD017}
		{E0BDAE1B-A41D-4A9A-A9C8-1BDA9F319ADB} = {89FCA54F-D6F2-40FC-A7A2-E332B7E0AB6C}
		{38141E1D-B9D0-4C38-80FB-F17A467189C4} = {89FCA54F-D6F2-40FC-A7A2-E332B7E0AB6C}
		{131CF8C5-1B09-479A-8382-F184BD7573E7} = {89FCA54F-D6F2-40FC-A7A2-E332B7E0AB6C}
		{FA95F020-67AA-475C-BE94-A4838A600704} = {89FCA54F-D6F2-40FC-A7A2-E332B7E0AB6C}
		{3FB6074B-2B6A-4CA2-9D27-D8CAAC695977} = {89FCA54F-D6F2-40FC-A7A2-E332B7E0AB6C}
		{B448D48D-D0B2-4D57-9EDE-1997FC32E761} = {89FCA54F-D6F2-40FC-A7A2-E332B7E0AB6C}
		{317D2CED-576F-41DB-A7A4-F00C2B223983} = {89FCA54F-D6F2-40FC-A7A2-E332B7E0AB6C}
		{B7B5AA32-42A6-4277-9603-4F9ADA65622F} = {89FCA54F-D6F2-40FC-A7A2-E332B7E0AB6C}
		{F2A8D806-EC76-4E25-A6F9-3C89BF2FE770} = {298BB275-FDBB-48C1-A4BA-FC20B6252146}
		{298BB275-FDBB-48C1-A4BA-FC20B6252146} = {5DFD627E-7CAF-4909-96A7-91C01E6CD017}
		{D7A1EA3B-4956-40ED-81E6-912FD186ED28} = {298BB275-FDBB-48C1-A4BA-FC20B6252146}
		{5F47BBF5-591A-4E08-BFED-E7C00A50373C} = {298BB275-FDBB-48C1-A4BA-FC20B6252146}
		{2446E1BC-76E2-49FB-A46B-F0DA2F2F472A} = {298BB275-FDBB-48C1-A4BA-FC20B6252146}
		{3CEDF21F-906D-4DF0-A8DF-C494DAE7F888} = {298BB275-FDBB-48C1-A4BA-FC20B6252146}
		{0A5F0CA6-0BEE-4486-B7AA-38EDA320080A} = {298BB275-FDBB-48C1-A4BA-FC20B6252146}
		{417E4D83-C968-41B8-BDBA-768D34091647} = {298BB275-FDBB-48C1-A4BA-FC20B6252146}
		{70A89049-A8E4-40D3-905F-62F9047EB717} = {298BB275-FDBB-48C1-A4BA-FC20B6252146}
		{0396E325-7FB3-47E2-B917-CEC1885AB586} = {298BB275-FDBB-48C1-A4BA-FC20B6252146}
		{7AC24FC7-DA24-41BE-95E3-5841909C5ECA} = {298BB275-FDBB-48C1-A4BA-FC20B6252146}
		{D8372A5E-C008-440E-A9B3-CD5868ECFF88} = {298BB275-FDBB-48C1-A4BA-FC20B6252146}
		{8CD98CEE-8C46-465E-88ED-B302DF32764D} = {298BB275-FDBB-48C1-A4BA-FC20B6252146}
		{0B2E0A48-5F58-41FD-998D-041BBAE326BA} = {298BB275-FDBB-48C1-A4BA-FC20B6252146}
		{16A7CD2E-996A-4D10-8B6C-DDCCBB3ED02B} = {298BB275-FDBB-48C1-A4BA-FC20B6252146}
		{CE3F81FE-1F5B-4BD5-BCD0-7D4E0E043F17} = {298BB275-FDBB-48C1-A4BA-FC20B6252146}
		{E83DFC8F-256F-4A50-A9C7-A62A5C8AC8C2} = {298BB275-FDBB-48C1-A4BA-FC20B6252146}
		{7D8E1679-6BF4-4A02-A66B-342DF92D8FBB} = {298BB275-FDBB-48C1-A4BA-FC20B6252146}
		{3AA2311E-6E74-4D5A-B4B2-E142C1E726AE} = {298BB275-FDBB-48C1-A4BA-FC20B6252146}
		{EE8A0744-640D-43C2-BB0B-2A84283D9751} = {207B0B54-AD77-4D81-9701-271E3156B617}
	EndGlobalSection
	GlobalSection(ExtensibilityGlobals) = postSolution
		SolutionGuid = {B9249209-FBFC-4DA6-A207-C70A9F6286BC}
	EndGlobalSection
EndGlobal
